
Microsoft Visual Studio Solution File, Format Version 12.00
# Visual Studio 2013
VisualStudioVersion = 12.0.40629.0
MinimumVisualStudioVersion = 10.0.40219.1
Project("{2150E333-8FDC-42A3-9474-1A3956D46DE8}") = "Thirdparty", "Thirdparty", "{3A0FB136-F481-4347-8A87-470DEAA9782C}"
EndProject
Project("{8BC9CEB8-8B4A-11D0-8D11-00A0C91BC942}") = "jsoncpp", "..\thirdparty\JsonCpp\jsoncpp\jsoncpp.vcxproj", "{A293BC4A-A59B-461C-9820-72CEB1CBFC3F}"
EndProject
Project("{8BC9CEB8-8B4A-11D0-8D11-00A0C91BC942}") = "Engine", "Engine\Engine.vcxproj", "{59E5DE67-3281-4B91-AAC6-4E228D823329}"
	ProjectSection(ProjectDependencies) = postProject
		{A293BC4A-A59B-461C-9820-72CEB1CBFC3F} = {A293BC4A-A59B-461C-9820-72CEB1CBFC3F}
		{1529A55F-B375-4B1D-B7D8-435509354DE1} = {1529A55F-B375-4B1D-B7D8-435509354DE1}
		{97702F80-CA9C-437E-8FA0-3C5505EDF6BA} = {97702F80-CA9C-437E-8FA0-3C5505EDF6BA}
		{93CCB0C5-6A6C-479E-AA60-FEF53E283078} = {93CCB0C5-6A6C-479E-AA60-FEF53E283078}
		{F24DDFE3-5073-45E6-9AC9-31F0175665B8} = {F24DDFE3-5073-45E6-9AC9-31F0175665B8}
	EndProjectSection
EndProject
Project("{8BC9CEB8-8B4A-11D0-8D11-00A0C91BC942}") = "Game", "Game\Game.vcxproj", "{62370594-54B5-4F84-BFC9-59E9B806C89C}"
	ProjectSection(ProjectDependencies) = postProject
		{59E5DE67-3281-4B91-AAC6-4E228D823329} = {59E5DE67-3281-4B91-AAC6-4E228D823329}
	EndProjectSection
EndProject
Project("{2150E333-8FDC-42A3-9474-1A3956D46DE8}") = "Runnable", "Runnable", "{B84D4A82-AD79-4A6F-BA27-919645A79562}"
EndProject
Project("{8BC9CEB8-8B4A-11D0-8D11-00A0C91BC942}") = "Standalone", "Standalone\Standalone.vcxproj", "{655D8F75-A521-4DD1-8AE7-17630BE72881}"
	ProjectSection(ProjectDependencies) = postProject
		{A293BC4A-A59B-461C-9820-72CEB1CBFC3F} = {A293BC4A-A59B-461C-9820-72CEB1CBFC3F}
		{1529A55F-B375-4B1D-B7D8-435509354DE1} = {1529A55F-B375-4B1D-B7D8-435509354DE1}
		{97702F80-CA9C-437E-8FA0-3C5505EDF6BA} = {97702F80-CA9C-437E-8FA0-3C5505EDF6BA}
		{62370594-54B5-4F84-BFC9-59E9B806C89C} = {62370594-54B5-4F84-BFC9-59E9B806C89C}
		{BD1D44B8-DBF6-4E2D-AAF9-CC810C01B13C} = {BD1D44B8-DBF6-4E2D-AAF9-CC810C01B13C}
		{93CCB0C5-6A6C-479E-AA60-FEF53E283078} = {93CCB0C5-6A6C-479E-AA60-FEF53E283078}
		{F24DDFE3-5073-45E6-9AC9-31F0175665B8} = {F24DDFE3-5073-45E6-9AC9-31F0175665B8}
	EndProjectSection
EndProject
Project("{8BC9CEB8-8B4A-11D0-8D11-00A0C91BC942}") = "Shaders", "Shaders\Shaders.vcxproj", "{BD1D44B8-DBF6-4E2D-AAF9-CC810C01B13C}"
EndProject
Project("{8BC9CEB8-8B4A-11D0-8D11-00A0C91BC942}") = "HTML", "HTML\HTML.vcxproj", "{3A7B9E5E-2286-4772-A788-8D23B85F9153}"
	ProjectSection(ProjectDependencies) = postProject
		{A293BC4A-A59B-461C-9820-72CEB1CBFC3F} = {A293BC4A-A59B-461C-9820-72CEB1CBFC3F}
		{1529A55F-B375-4B1D-B7D8-435509354DE1} = {1529A55F-B375-4B1D-B7D8-435509354DE1}
		{59E5DE67-3281-4B91-AAC6-4E228D823329} = {59E5DE67-3281-4B91-AAC6-4E228D823329}
		{62370594-54B5-4F84-BFC9-59E9B806C89C} = {62370594-54B5-4F84-BFC9-59E9B806C89C}
		{F24DDFE3-5073-45E6-9AC9-31F0175665B8} = {F24DDFE3-5073-45E6-9AC9-31F0175665B8}
	EndProjectSection
EndProject
Project("{8BC9CEB8-8B4A-11D0-8D11-00A0C91BC942}") = "lodepng", "..\thirdparty\lodepng\lodepng\lodepng.vcxproj", "{F24DDFE3-5073-45E6-9AC9-31F0175665B8}"
EndProject
Project("{8BC9CEB8-8B4A-11D0-8D11-00A0C91BC942}") = "EditorBackend", "EditorBackend\EditorBackend.vcxproj", "{19319964-F233-4C47-9ECD-C499E584CE7F}"
	ProjectSection(ProjectDependencies) = postProject
		{59E5DE67-3281-4B91-AAC6-4E228D823329} = {59E5DE67-3281-4B91-AAC6-4E228D823329}
		{62370594-54B5-4F84-BFC9-59E9B806C89C} = {62370594-54B5-4F84-BFC9-59E9B806C89C}
	EndProjectSection
EndProject
Project("{FAE04EC0-301F-11D3-BF4B-00C04F79EFBC}") = "EditorFrontend", "EditorFrontend\EditorFrontend.csproj", "{615966E2-5B5A-4779-8CF6-42E0DA13BB01}"
	ProjectSection(ProjectDependencies) = postProject
		{19319964-F233-4C47-9ECD-C499E584CE7F} = {19319964-F233-4C47-9ECD-C499E584CE7F}
	EndProjectSection
EndProject
Project("{8BC9CEB8-8B4A-11D0-8D11-00A0C91BC942}") = "NativePropeller", "..\android\NativePropeller\NativePropeller.vcxproj", "{8B4C4780-0D51-4F95-991F-F5CFD7D5D7A5}"
	ProjectSection(ProjectDependencies) = postProject
		{A293BC4A-A59B-461C-9820-72CEB1CBFC3F} = {A293BC4A-A59B-461C-9820-72CEB1CBFC3F}
		{1529A55F-B375-4B1D-B7D8-435509354DE1} = {1529A55F-B375-4B1D-B7D8-435509354DE1}
		{59E5DE67-3281-4B91-AAC6-4E228D823329} = {59E5DE67-3281-4B91-AAC6-4E228D823329}
		{97702F80-CA9C-437E-8FA0-3C5505EDF6BA} = {97702F80-CA9C-437E-8FA0-3C5505EDF6BA}
		{62370594-54B5-4F84-BFC9-59E9B806C89C} = {62370594-54B5-4F84-BFC9-59E9B806C89C}
		{93CCB0C5-6A6C-479E-AA60-FEF53E283078} = {93CCB0C5-6A6C-479E-AA60-FEF53E283078}
		{F24DDFE3-5073-45E6-9AC9-31F0175665B8} = {F24DDFE3-5073-45E6-9AC9-31F0175665B8}
	EndProjectSection
EndProject
Project("{8BC9CEB8-8B4A-11D0-8D11-00A0C91BC942}") = "Unittesting", "Unittesting\Unittesting.vcxproj", "{335C6298-FD09-477F-BE24-239C79B9ECB6}"
	ProjectSection(ProjectDependencies) = postProject
		{59E5DE67-3281-4B91-AAC6-4E228D823329} = {59E5DE67-3281-4B91-AAC6-4E228D823329}
		{62370594-54B5-4F84-BFC9-59E9B806C89C} = {62370594-54B5-4F84-BFC9-59E9B806C89C}
	EndProjectSection
EndProject
Project("{8BC9CEB8-8B4A-11D0-8D11-00A0C91BC942}") = "xxhash", "..\thirdparty\xxhash\xxhash\xxhash.vcxproj", "{1529A55F-B375-4B1D-B7D8-435509354DE1}"
EndProject
Project("{8BC9CEB8-8B4A-11D0-8D11-00A0C91BC942}") = "Bullet", "..\thirdparty\Bullet\Bullet\Bullet.vcxproj", "{93CCB0C5-6A6C-479E-AA60-FEF53E283078}"
EndProject
Project("{8BC9CEB8-8B4A-11D0-8D11-00A0C91BC942}") = "Box2D", "..\thirdparty\Box2D\Box2D\Box2D.vcxproj", "{97702F80-CA9C-437E-8FA0-3C5505EDF6BA}"
EndProject
Global
	GlobalSection(SolutionConfigurationPlatforms) = preSolution
		EditorDebug|Emscripten = EditorDebug|Emscripten
		EditorDebug|Mixed Platforms = EditorDebug|Mixed Platforms
		EditorDebug|Tegra-Android = EditorDebug|Tegra-Android
		EditorDebug|Win32 = EditorDebug|Win32
		EditorDevelopment|Emscripten = EditorDevelopment|Emscripten
		EditorDevelopment|Mixed Platforms = EditorDevelopment|Mixed Platforms
		EditorDevelopment|Tegra-Android = EditorDevelopment|Tegra-Android
		EditorDevelopment|Win32 = EditorDevelopment|Win32
		GameDebug|Emscripten = GameDebug|Emscripten
		GameDebug|Mixed Platforms = GameDebug|Mixed Platforms
		GameDebug|Tegra-Android = GameDebug|Tegra-Android
		GameDebug|Win32 = GameDebug|Win32
		GameDebugGL2|Emscripten = GameDebugGL2|Emscripten
		GameDebugGL2|Mixed Platforms = GameDebugGL2|Mixed Platforms
		GameDebugGL2|Tegra-Android = GameDebugGL2|Tegra-Android
		GameDebugGL2|Win32 = GameDebugGL2|Win32
		GameDevelopment|Emscripten = GameDevelopment|Emscripten
		GameDevelopment|Mixed Platforms = GameDevelopment|Mixed Platforms
		GameDevelopment|Tegra-Android = GameDevelopment|Tegra-Android
		GameDevelopment|Win32 = GameDevelopment|Win32
		GameRelease|Emscripten = GameRelease|Emscripten
		GameRelease|Mixed Platforms = GameRelease|Mixed Platforms
		GameRelease|Tegra-Android = GameRelease|Tegra-Android
		GameRelease|Win32 = GameRelease|Win32
		ServerDebug|Emscripten = ServerDebug|Emscripten
		ServerDebug|Mixed Platforms = ServerDebug|Mixed Platforms
		ServerDebug|Tegra-Android = ServerDebug|Tegra-Android
		ServerDebug|Win32 = ServerDebug|Win32
	EndGlobalSection
	GlobalSection(ProjectConfigurationPlatforms) = postSolution
		{A293BC4A-A59B-461C-9820-72CEB1CBFC3F}.EditorDebug|Emscripten.ActiveCfg = EditorDebug|Win32
		{A293BC4A-A59B-461C-9820-72CEB1CBFC3F}.EditorDebug|Mixed Platforms.ActiveCfg = EditorDebug|Win32
		{A293BC4A-A59B-461C-9820-72CEB1CBFC3F}.EditorDebug|Mixed Platforms.Build.0 = EditorDebug|Win32
		{A293BC4A-A59B-461C-9820-72CEB1CBFC3F}.EditorDebug|Tegra-Android.ActiveCfg = EditorDebug|Win32
		{A293BC4A-A59B-461C-9820-72CEB1CBFC3F}.EditorDebug|Win32.ActiveCfg = EditorDebug|Win32
		{A293BC4A-A59B-461C-9820-72CEB1CBFC3F}.EditorDebug|Win32.Build.0 = EditorDebug|Win32
		{A293BC4A-A59B-461C-9820-72CEB1CBFC3F}.EditorDevelopment|Emscripten.ActiveCfg = EditorDevelopment|Win32
		{A293BC4A-A59B-461C-9820-72CEB1CBFC3F}.EditorDevelopment|Mixed Platforms.ActiveCfg = EditorDevelopment|Win32
		{A293BC4A-A59B-461C-9820-72CEB1CBFC3F}.EditorDevelopment|Mixed Platforms.Build.0 = EditorDevelopment|Win32
		{A293BC4A-A59B-461C-9820-72CEB1CBFC3F}.EditorDevelopment|Tegra-Android.ActiveCfg = EditorDevelopment|Win32
		{A293BC4A-A59B-461C-9820-72CEB1CBFC3F}.EditorDevelopment|Win32.ActiveCfg = EditorDevelopment|Win32
		{A293BC4A-A59B-461C-9820-72CEB1CBFC3F}.EditorDevelopment|Win32.Build.0 = EditorDevelopment|Win32
		{A293BC4A-A59B-461C-9820-72CEB1CBFC3F}.GameDebug|Emscripten.ActiveCfg = GameDebug|Win32
		{A293BC4A-A59B-461C-9820-72CEB1CBFC3F}.GameDebug|Mixed Platforms.ActiveCfg = GameDebug|Win32
		{A293BC4A-A59B-461C-9820-72CEB1CBFC3F}.GameDebug|Mixed Platforms.Build.0 = GameDebug|Win32
		{A293BC4A-A59B-461C-9820-72CEB1CBFC3F}.GameDebug|Tegra-Android.ActiveCfg = GameDebug|Win32
		{A293BC4A-A59B-461C-9820-72CEB1CBFC3F}.GameDebug|Win32.ActiveCfg = GameDebug|Win32
		{A293BC4A-A59B-461C-9820-72CEB1CBFC3F}.GameDebug|Win32.Build.0 = GameDebug|Win32
		{A293BC4A-A59B-461C-9820-72CEB1CBFC3F}.GameDebugGL2|Emscripten.ActiveCfg = GameDebug|Win32
		{A293BC4A-A59B-461C-9820-72CEB1CBFC3F}.GameDebugGL2|Mixed Platforms.ActiveCfg = GameDebug|Win32
		{A293BC4A-A59B-461C-9820-72CEB1CBFC3F}.GameDebugGL2|Tegra-Android.ActiveCfg = GameDebugGL2|Win32
		{A293BC4A-A59B-461C-9820-72CEB1CBFC3F}.GameDebugGL2|Win32.ActiveCfg = GameDebugGL2|Win32
		{A293BC4A-A59B-461C-9820-72CEB1CBFC3F}.GameDebugGL2|Win32.Build.0 = GameDebugGL2|Win32
		{A293BC4A-A59B-461C-9820-72CEB1CBFC3F}.GameDevelopment|Emscripten.ActiveCfg = GameDevelopment|Win32
		{A293BC4A-A59B-461C-9820-72CEB1CBFC3F}.GameDevelopment|Mixed Platforms.ActiveCfg = GameDevelopment|Win32
		{A293BC4A-A59B-461C-9820-72CEB1CBFC3F}.GameDevelopment|Mixed Platforms.Build.0 = GameDevelopment|Win32
		{A293BC4A-A59B-461C-9820-72CEB1CBFC3F}.GameDevelopment|Tegra-Android.ActiveCfg = GameDevelopment|Win32
		{A293BC4A-A59B-461C-9820-72CEB1CBFC3F}.GameDevelopment|Win32.ActiveCfg = GameDevelopment|Win32
		{A293BC4A-A59B-461C-9820-72CEB1CBFC3F}.GameDevelopment|Win32.Build.0 = GameDevelopment|Win32
		{A293BC4A-A59B-461C-9820-72CEB1CBFC3F}.GameRelease|Emscripten.ActiveCfg = GameRelease|Win32
		{A293BC4A-A59B-461C-9820-72CEB1CBFC3F}.GameRelease|Mixed Platforms.ActiveCfg = GameRelease|Win32
		{A293BC4A-A59B-461C-9820-72CEB1CBFC3F}.GameRelease|Mixed Platforms.Build.0 = GameRelease|Win32
		{A293BC4A-A59B-461C-9820-72CEB1CBFC3F}.GameRelease|Tegra-Android.ActiveCfg = GameRelease|Win32
		{A293BC4A-A59B-461C-9820-72CEB1CBFC3F}.GameRelease|Win32.ActiveCfg = GameRelease|Win32
		{A293BC4A-A59B-461C-9820-72CEB1CBFC3F}.GameRelease|Win32.Build.0 = GameRelease|Win32
		{A293BC4A-A59B-461C-9820-72CEB1CBFC3F}.ServerDebug|Emscripten.ActiveCfg = ServerDebug|Win32
		{A293BC4A-A59B-461C-9820-72CEB1CBFC3F}.ServerDebug|Mixed Platforms.ActiveCfg = ServerDebug|Win32
		{A293BC4A-A59B-461C-9820-72CEB1CBFC3F}.ServerDebug|Mixed Platforms.Build.0 = ServerDebug|Win32
		{A293BC4A-A59B-461C-9820-72CEB1CBFC3F}.ServerDebug|Tegra-Android.ActiveCfg = ServerDebug|Win32
		{A293BC4A-A59B-461C-9820-72CEB1CBFC3F}.ServerDebug|Win32.ActiveCfg = ServerDebug|Win32
		{A293BC4A-A59B-461C-9820-72CEB1CBFC3F}.ServerDebug|Win32.Build.0 = ServerDebug|Win32
		{59E5DE67-3281-4B91-AAC6-4E228D823329}.EditorDebug|Emscripten.ActiveCfg = EditorDebug|Win32
		{59E5DE67-3281-4B91-AAC6-4E228D823329}.EditorDebug|Mixed Platforms.ActiveCfg = EditorDebug|Win32
		{59E5DE67-3281-4B91-AAC6-4E228D823329}.EditorDebug|Mixed Platforms.Build.0 = EditorDebug|Win32
		{59E5DE67-3281-4B91-AAC6-4E228D823329}.EditorDebug|Tegra-Android.ActiveCfg = EditorDebug|Win32
		{59E5DE67-3281-4B91-AAC6-4E228D823329}.EditorDebug|Win32.ActiveCfg = EditorDebug|Win32
		{59E5DE67-3281-4B91-AAC6-4E228D823329}.EditorDebug|Win32.Build.0 = EditorDebug|Win32
		{59E5DE67-3281-4B91-AAC6-4E228D823329}.EditorDevelopment|Emscripten.ActiveCfg = EditorDevelopment|Win32
		{59E5DE67-3281-4B91-AAC6-4E228D823329}.EditorDevelopment|Mixed Platforms.ActiveCfg = EditorDevelopment|Win32
		{59E5DE67-3281-4B91-AAC6-4E228D823329}.EditorDevelopment|Mixed Platforms.Build.0 = EditorDevelopment|Win32
		{59E5DE67-3281-4B91-AAC6-4E228D823329}.EditorDevelopment|Tegra-Android.ActiveCfg = EditorDevelopment|Win32
		{59E5DE67-3281-4B91-AAC6-4E228D823329}.EditorDevelopment|Win32.ActiveCfg = EditorDevelopment|Win32
		{59E5DE67-3281-4B91-AAC6-4E228D823329}.EditorDevelopment|Win32.Build.0 = EditorDevelopment|Win32
		{59E5DE67-3281-4B91-AAC6-4E228D823329}.GameDebug|Emscripten.ActiveCfg = GameDebug|Win32
		{59E5DE67-3281-4B91-AAC6-4E228D823329}.GameDebug|Mixed Platforms.ActiveCfg = GameDebug|Win32
		{59E5DE67-3281-4B91-AAC6-4E228D823329}.GameDebug|Mixed Platforms.Build.0 = GameDebug|Win32
		{59E5DE67-3281-4B91-AAC6-4E228D823329}.GameDebug|Tegra-Android.ActiveCfg = GameDebug|Win32
		{59E5DE67-3281-4B91-AAC6-4E228D823329}.GameDebug|Win32.ActiveCfg = GameDebug|Win32
		{59E5DE67-3281-4B91-AAC6-4E228D823329}.GameDebug|Win32.Build.0 = GameDebug|Win32
		{59E5DE67-3281-4B91-AAC6-4E228D823329}.GameDebugGL2|Emscripten.ActiveCfg = GameDebugGL2|Win32
		{59E5DE67-3281-4B91-AAC6-4E228D823329}.GameDebugGL2|Mixed Platforms.ActiveCfg = GameDebugGL2|Win32
		{59E5DE67-3281-4B91-AAC6-4E228D823329}.GameDebugGL2|Mixed Platforms.Build.0 = GameDebugGL2|Win32
		{59E5DE67-3281-4B91-AAC6-4E228D823329}.GameDebugGL2|Tegra-Android.ActiveCfg = GameDebugGL2|Win32
		{59E5DE67-3281-4B91-AAC6-4E228D823329}.GameDebugGL2|Win32.ActiveCfg = GameDebugGL2|Win32
		{59E5DE67-3281-4B91-AAC6-4E228D823329}.GameDebugGL2|Win32.Build.0 = GameDebugGL2|Win32
		{59E5DE67-3281-4B91-AAC6-4E228D823329}.GameDevelopment|Emscripten.ActiveCfg = GameDevelopment|Win32
		{59E5DE67-3281-4B91-AAC6-4E228D823329}.GameDevelopment|Mixed Platforms.ActiveCfg = GameDevelopment|Win32
		{59E5DE67-3281-4B91-AAC6-4E228D823329}.GameDevelopment|Mixed Platforms.Build.0 = GameDevelopment|Win32
		{59E5DE67-3281-4B91-AAC6-4E228D823329}.GameDevelopment|Tegra-Android.ActiveCfg = GameDevelopment|Win32
		{59E5DE67-3281-4B91-AAC6-4E228D823329}.GameDevelopment|Win32.ActiveCfg = GameDevelopment|Win32
		{59E5DE67-3281-4B91-AAC6-4E228D823329}.GameDevelopment|Win32.Build.0 = GameDevelopment|Win32
		{59E5DE67-3281-4B91-AAC6-4E228D823329}.GameRelease|Emscripten.ActiveCfg = GameRelease|Win32
		{59E5DE67-3281-4B91-AAC6-4E228D823329}.GameRelease|Mixed Platforms.ActiveCfg = GameRelease|Win32
		{59E5DE67-3281-4B91-AAC6-4E228D823329}.GameRelease|Mixed Platforms.Build.0 = GameRelease|Win32
		{59E5DE67-3281-4B91-AAC6-4E228D823329}.GameRelease|Tegra-Android.ActiveCfg = GameRelease|Win32
		{59E5DE67-3281-4B91-AAC6-4E228D823329}.GameRelease|Win32.ActiveCfg = GameRelease|Win32
		{59E5DE67-3281-4B91-AAC6-4E228D823329}.GameRelease|Win32.Build.0 = GameRelease|Win32
		{59E5DE67-3281-4B91-AAC6-4E228D823329}.ServerDebug|Emscripten.ActiveCfg = ServerDebug|Win32
		{59E5DE67-3281-4B91-AAC6-4E228D823329}.ServerDebug|Mixed Platforms.ActiveCfg = ServerDebug|Win32
		{59E5DE67-3281-4B91-AAC6-4E228D823329}.ServerDebug|Mixed Platforms.Build.0 = ServerDebug|Win32
		{59E5DE67-3281-4B91-AAC6-4E228D823329}.ServerDebug|Tegra-Android.ActiveCfg = ServerDebug|Win32
		{59E5DE67-3281-4B91-AAC6-4E228D823329}.ServerDebug|Win32.ActiveCfg = ServerDebug|Win32
		{59E5DE67-3281-4B91-AAC6-4E228D823329}.ServerDebug|Win32.Build.0 = ServerDebug|Win32
		{62370594-54B5-4F84-BFC9-59E9B806C89C}.EditorDebug|Emscripten.ActiveCfg = EditorDebug|Win32
		{62370594-54B5-4F84-BFC9-59E9B806C89C}.EditorDebug|Mixed Platforms.ActiveCfg = EditorDebug|Win32
		{62370594-54B5-4F84-BFC9-59E9B806C89C}.EditorDebug|Mixed Platforms.Build.0 = EditorDebug|Win32
		{62370594-54B5-4F84-BFC9-59E9B806C89C}.EditorDebug|Tegra-Android.ActiveCfg = EditorDebug|Win32
		{62370594-54B5-4F84-BFC9-59E9B806C89C}.EditorDebug|Win32.ActiveCfg = EditorDebug|Win32
		{62370594-54B5-4F84-BFC9-59E9B806C89C}.EditorDebug|Win32.Build.0 = EditorDebug|Win32
		{62370594-54B5-4F84-BFC9-59E9B806C89C}.EditorDevelopment|Emscripten.ActiveCfg = EditorDevelopment|Win32
		{62370594-54B5-4F84-BFC9-59E9B806C89C}.EditorDevelopment|Mixed Platforms.ActiveCfg = EditorDevelopment|Win32
		{62370594-54B5-4F84-BFC9-59E9B806C89C}.EditorDevelopment|Mixed Platforms.Build.0 = EditorDevelopment|Win32
		{62370594-54B5-4F84-BFC9-59E9B806C89C}.EditorDevelopment|Tegra-Android.ActiveCfg = EditorDevelopment|Win32
		{62370594-54B5-4F84-BFC9-59E9B806C89C}.EditorDevelopment|Win32.ActiveCfg = EditorDevelopment|Win32
		{62370594-54B5-4F84-BFC9-59E9B806C89C}.EditorDevelopment|Win32.Build.0 = EditorDevelopment|Win32
		{62370594-54B5-4F84-BFC9-59E9B806C89C}.GameDebug|Emscripten.ActiveCfg = GameDebug|Win32
		{62370594-54B5-4F84-BFC9-59E9B806C89C}.GameDebug|Mixed Platforms.ActiveCfg = GameDebug|Win32
		{62370594-54B5-4F84-BFC9-59E9B806C89C}.GameDebug|Mixed Platforms.Build.0 = GameDebug|Win32
		{62370594-54B5-4F84-BFC9-59E9B806C89C}.GameDebug|Tegra-Android.ActiveCfg = GameDebug|Win32
		{62370594-54B5-4F84-BFC9-59E9B806C89C}.GameDebug|Win32.ActiveCfg = GameDebug|Win32
		{62370594-54B5-4F84-BFC9-59E9B806C89C}.GameDebug|Win32.Build.0 = GameDebug|Win32
		{62370594-54B5-4F84-BFC9-59E9B806C89C}.GameDebugGL2|Emscripten.ActiveCfg = GameDebugGL2|Win32
		{62370594-54B5-4F84-BFC9-59E9B806C89C}.GameDebugGL2|Mixed Platforms.ActiveCfg = GameDebugGL2|Win32
		{62370594-54B5-4F84-BFC9-59E9B806C89C}.GameDebugGL2|Mixed Platforms.Build.0 = GameDebugGL2|Win32
		{62370594-54B5-4F84-BFC9-59E9B806C89C}.GameDebugGL2|Tegra-Android.ActiveCfg = GameDebugGL2|Win32
		{62370594-54B5-4F84-BFC9-59E9B806C89C}.GameDebugGL2|Win32.ActiveCfg = GameDebugGL2|Win32
		{62370594-54B5-4F84-BFC9-59E9B806C89C}.GameDebugGL2|Win32.Build.0 = GameDebugGL2|Win32
		{62370594-54B5-4F84-BFC9-59E9B806C89C}.GameDevelopment|Emscripten.ActiveCfg = GameDevelopment|Win32
		{62370594-54B5-4F84-BFC9-59E9B806C89C}.GameDevelopment|Mixed Platforms.ActiveCfg = GameDevelopment|Win32
		{62370594-54B5-4F84-BFC9-59E9B806C89C}.GameDevelopment|Mixed Platforms.Build.0 = GameDevelopment|Win32
		{62370594-54B5-4F84-BFC9-59E9B806C89C}.GameDevelopment|Tegra-Android.ActiveCfg = GameDevelopment|Win32
		{62370594-54B5-4F84-BFC9-59E9B806C89C}.GameDevelopment|Win32.ActiveCfg = GameDevelopment|Win32
		{62370594-54B5-4F84-BFC9-59E9B806C89C}.GameDevelopment|Win32.Build.0 = GameDevelopment|Win32
		{62370594-54B5-4F84-BFC9-59E9B806C89C}.GameRelease|Emscripten.ActiveCfg = GameRelease|Win32
		{62370594-54B5-4F84-BFC9-59E9B806C89C}.GameRelease|Mixed Platforms.ActiveCfg = GameRelease|Win32
		{62370594-54B5-4F84-BFC9-59E9B806C89C}.GameRelease|Mixed Platforms.Build.0 = GameRelease|Win32
		{62370594-54B5-4F84-BFC9-59E9B806C89C}.GameRelease|Tegra-Android.ActiveCfg = GameRelease|Win32
		{62370594-54B5-4F84-BFC9-59E9B806C89C}.GameRelease|Win32.ActiveCfg = GameRelease|Win32
		{62370594-54B5-4F84-BFC9-59E9B806C89C}.GameRelease|Win32.Build.0 = GameRelease|Win32
		{62370594-54B5-4F84-BFC9-59E9B806C89C}.ServerDebug|Emscripten.ActiveCfg = ServerDebug|Win32
		{62370594-54B5-4F84-BFC9-59E9B806C89C}.ServerDebug|Mixed Platforms.ActiveCfg = ServerDebug|Win32
		{62370594-54B5-4F84-BFC9-59E9B806C89C}.ServerDebug|Mixed Platforms.Build.0 = ServerDebug|Win32
		{62370594-54B5-4F84-BFC9-59E9B806C89C}.ServerDebug|Tegra-Android.ActiveCfg = ServerDebug|Win32
		{62370594-54B5-4F84-BFC9-59E9B806C89C}.ServerDebug|Win32.ActiveCfg = ServerDebug|Win32
		{62370594-54B5-4F84-BFC9-59E9B806C89C}.ServerDebug|Win32.Build.0 = ServerDebug|Win32
		{655D8F75-A521-4DD1-8AE7-17630BE72881}.EditorDebug|Emscripten.ActiveCfg = GameDevelopment|Win32
		{655D8F75-A521-4DD1-8AE7-17630BE72881}.EditorDebug|Mixed Platforms.ActiveCfg = GameDebug|Win32
		{655D8F75-A521-4DD1-8AE7-17630BE72881}.EditorDebug|Mixed Platforms.Build.0 = GameDebug|Win32
		{655D8F75-A521-4DD1-8AE7-17630BE72881}.EditorDebug|Tegra-Android.ActiveCfg = ServerDebug|Win32
		{655D8F75-A521-4DD1-8AE7-17630BE72881}.EditorDebug|Win32.ActiveCfg = GameRelease|Win32
		{655D8F75-A521-4DD1-8AE7-17630BE72881}.EditorDevelopment|Emscripten.ActiveCfg = GameDevelopment|Win32
		{655D8F75-A521-4DD1-8AE7-17630BE72881}.EditorDevelopment|Mixed Platforms.ActiveCfg = GameDebug|Win32
		{655D8F75-A521-4DD1-8AE7-17630BE72881}.EditorDevelopment|Mixed Platforms.Build.0 = GameDebug|Win32
		{655D8F75-A521-4DD1-8AE7-17630BE72881}.EditorDevelopment|Tegra-Android.ActiveCfg = ServerDebug|Win32
		{655D8F75-A521-4DD1-8AE7-17630BE72881}.EditorDevelopment|Win32.ActiveCfg = GameDebug|Win32
		{655D8F75-A521-4DD1-8AE7-17630BE72881}.GameDebug|Emscripten.ActiveCfg = GameDebug|Win32
		{655D8F75-A521-4DD1-8AE7-17630BE72881}.GameDebug|Mixed Platforms.ActiveCfg = GameDebug|Win32
		{655D8F75-A521-4DD1-8AE7-17630BE72881}.GameDebug|Mixed Platforms.Build.0 = GameDebug|Win32
		{655D8F75-A521-4DD1-8AE7-17630BE72881}.GameDebug|Tegra-Android.ActiveCfg = GameDebug|Win32
		{655D8F75-A521-4DD1-8AE7-17630BE72881}.GameDebug|Win32.ActiveCfg = GameDebug|Win32
		{655D8F75-A521-4DD1-8AE7-17630BE72881}.GameDebug|Win32.Build.0 = GameDebug|Win32
		{655D8F75-A521-4DD1-8AE7-17630BE72881}.GameDebugGL2|Emscripten.ActiveCfg = GameDebugGL2|Win32
		{655D8F75-A521-4DD1-8AE7-17630BE72881}.GameDebugGL2|Mixed Platforms.ActiveCfg = GameDebugGL2|Win32
		{655D8F75-A521-4DD1-8AE7-17630BE72881}.GameDebugGL2|Mixed Platforms.Build.0 = GameDebugGL2|Win32
		{655D8F75-A521-4DD1-8AE7-17630BE72881}.GameDebugGL2|Tegra-Android.ActiveCfg = GameDebugGL2|Win32
		{655D8F75-A521-4DD1-8AE7-17630BE72881}.GameDebugGL2|Win32.ActiveCfg = GameDebugGL2|Win32
		{655D8F75-A521-4DD1-8AE7-17630BE72881}.GameDebugGL2|Win32.Build.0 = GameDebugGL2|Win32
		{655D8F75-A521-4DD1-8AE7-17630BE72881}.GameDevelopment|Emscripten.ActiveCfg = GameDevelopment|Win32
		{655D8F75-A521-4DD1-8AE7-17630BE72881}.GameDevelopment|Mixed Platforms.ActiveCfg = GameDevelopment|Win32
		{655D8F75-A521-4DD1-8AE7-17630BE72881}.GameDevelopment|Mixed Platforms.Build.0 = GameDevelopment|Win32
		{655D8F75-A521-4DD1-8AE7-17630BE72881}.GameDevelopment|Tegra-Android.ActiveCfg = GameDevelopment|Win32
		{655D8F75-A521-4DD1-8AE7-17630BE72881}.GameDevelopment|Win32.ActiveCfg = GameDevelopment|Win32
		{655D8F75-A521-4DD1-8AE7-17630BE72881}.GameDevelopment|Win32.Build.0 = GameDevelopment|Win32
		{655D8F75-A521-4DD1-8AE7-17630BE72881}.GameRelease|Emscripten.ActiveCfg = GameRelease|Win32
		{655D8F75-A521-4DD1-8AE7-17630BE72881}.GameRelease|Mixed Platforms.ActiveCfg = GameRelease|Win32
		{655D8F75-A521-4DD1-8AE7-17630BE72881}.GameRelease|Mixed Platforms.Build.0 = GameRelease|Win32
		{655D8F75-A521-4DD1-8AE7-17630BE72881}.GameRelease|Tegra-Android.ActiveCfg = GameRelease|Win32
		{655D8F75-A521-4DD1-8AE7-17630BE72881}.GameRelease|Win32.ActiveCfg = GameRelease|Win32
		{655D8F75-A521-4DD1-8AE7-17630BE72881}.GameRelease|Win32.Build.0 = GameRelease|Win32
		{655D8F75-A521-4DD1-8AE7-17630BE72881}.ServerDebug|Emscripten.ActiveCfg = ServerDebug|Win32
		{655D8F75-A521-4DD1-8AE7-17630BE72881}.ServerDebug|Mixed Platforms.ActiveCfg = ServerDebug|Win32
		{655D8F75-A521-4DD1-8AE7-17630BE72881}.ServerDebug|Mixed Platforms.Build.0 = ServerDebug|Win32
		{655D8F75-A521-4DD1-8AE7-17630BE72881}.ServerDebug|Tegra-Android.ActiveCfg = ServerDebug|Win32
		{655D8F75-A521-4DD1-8AE7-17630BE72881}.ServerDebug|Win32.ActiveCfg = ServerDebug|Win32
		{655D8F75-A521-4DD1-8AE7-17630BE72881}.ServerDebug|Win32.Build.0 = ServerDebug|Win32
		{BD1D44B8-DBF6-4E2D-AAF9-CC810C01B13C}.EditorDebug|Emscripten.ActiveCfg = EditorDebug|Win32
		{BD1D44B8-DBF6-4E2D-AAF9-CC810C01B13C}.EditorDebug|Mixed Platforms.ActiveCfg = EditorDebug|Win32
		{BD1D44B8-DBF6-4E2D-AAF9-CC810C01B13C}.EditorDebug|Mixed Platforms.Build.0 = EditorDebug|Win32
		{BD1D44B8-DBF6-4E2D-AAF9-CC810C01B13C}.EditorDebug|Tegra-Android.ActiveCfg = EditorDebug|Win32
		{BD1D44B8-DBF6-4E2D-AAF9-CC810C01B13C}.EditorDebug|Win32.ActiveCfg = Debug|Win32
		{BD1D44B8-DBF6-4E2D-AAF9-CC810C01B13C}.EditorDebug|Win32.Build.0 = Debug|Win32
		{BD1D44B8-DBF6-4E2D-AAF9-CC810C01B13C}.EditorDevelopment|Emscripten.ActiveCfg = EditorDevelopment|Win32
		{BD1D44B8-DBF6-4E2D-AAF9-CC810C01B13C}.EditorDevelopment|Mixed Platforms.ActiveCfg = EditorDevelopment|Win32
		{BD1D44B8-DBF6-4E2D-AAF9-CC810C01B13C}.EditorDevelopment|Mixed Platforms.Build.0 = EditorDevelopment|Win32
		{BD1D44B8-DBF6-4E2D-AAF9-CC810C01B13C}.EditorDevelopment|Tegra-Android.ActiveCfg = EditorDevelopment|Win32
		{BD1D44B8-DBF6-4E2D-AAF9-CC810C01B13C}.EditorDevelopment|Win32.ActiveCfg = Debug|Win32
		{BD1D44B8-DBF6-4E2D-AAF9-CC810C01B13C}.EditorDevelopment|Win32.Build.0 = Debug|Win32
		{BD1D44B8-DBF6-4E2D-AAF9-CC810C01B13C}.GameDebug|Emscripten.ActiveCfg = Debug|Win32
		{BD1D44B8-DBF6-4E2D-AAF9-CC810C01B13C}.GameDebug|Mixed Platforms.ActiveCfg = Debug|Win32
		{BD1D44B8-DBF6-4E2D-AAF9-CC810C01B13C}.GameDebug|Mixed Platforms.Build.0 = Debug|Win32
		{BD1D44B8-DBF6-4E2D-AAF9-CC810C01B13C}.GameDebug|Tegra-Android.ActiveCfg = GameDebugGL2|Win32
		{BD1D44B8-DBF6-4E2D-AAF9-CC810C01B13C}.GameDebug|Win32.ActiveCfg = Debug|Win32
		{BD1D44B8-DBF6-4E2D-AAF9-CC810C01B13C}.GameDebug|Win32.Build.0 = Debug|Win32
		{BD1D44B8-DBF6-4E2D-AAF9-CC810C01B13C}.GameDebugGL2|Emscripten.ActiveCfg = GameDebugGL2|Win32
		{BD1D44B8-DBF6-4E2D-AAF9-CC810C01B13C}.GameDebugGL2|Mixed Platforms.ActiveCfg = GameDebugGL2|Win32
		{BD1D44B8-DBF6-4E2D-AAF9-CC810C01B13C}.GameDebugGL2|Mixed Platforms.Build.0 = GameDebugGL2|Win32
		{BD1D44B8-DBF6-4E2D-AAF9-CC810C01B13C}.GameDebugGL2|Tegra-Android.ActiveCfg = GameDebugGL2|Win32
		{BD1D44B8-DBF6-4E2D-AAF9-CC810C01B13C}.GameDebugGL2|Win32.ActiveCfg = GameDebugGL2|Win32
		{BD1D44B8-DBF6-4E2D-AAF9-CC810C01B13C}.GameDebugGL2|Win32.Build.0 = GameDebugGL2|Win32
		{BD1D44B8-DBF6-4E2D-AAF9-CC810C01B13C}.GameDevelopment|Emscripten.ActiveCfg = Release|Win32
		{BD1D44B8-DBF6-4E2D-AAF9-CC810C01B13C}.GameDevelopment|Mixed Platforms.ActiveCfg = Release|Win32
		{BD1D44B8-DBF6-4E2D-AAF9-CC810C01B13C}.GameDevelopment|Mixed Platforms.Build.0 = Release|Win32
		{BD1D44B8-DBF6-4E2D-AAF9-CC810C01B13C}.GameDevelopment|Tegra-Android.ActiveCfg = GameDebugGL2|Win32
		{BD1D44B8-DBF6-4E2D-AAF9-CC810C01B13C}.GameDevelopment|Win32.ActiveCfg = Debug|Win32
		{BD1D44B8-DBF6-4E2D-AAF9-CC810C01B13C}.GameDevelopment|Win32.Build.0 = Debug|Win32
		{BD1D44B8-DBF6-4E2D-AAF9-CC810C01B13C}.GameRelease|Emscripten.ActiveCfg = Release|Win32
		{BD1D44B8-DBF6-4E2D-AAF9-CC810C01B13C}.GameRelease|Mixed Platforms.ActiveCfg = Release|Win32
		{BD1D44B8-DBF6-4E2D-AAF9-CC810C01B13C}.GameRelease|Mixed Platforms.Build.0 = Release|Win32
		{BD1D44B8-DBF6-4E2D-AAF9-CC810C01B13C}.GameRelease|Tegra-Android.ActiveCfg = Release|Win32
		{BD1D44B8-DBF6-4E2D-AAF9-CC810C01B13C}.GameRelease|Win32.ActiveCfg = Release|Win32
		{BD1D44B8-DBF6-4E2D-AAF9-CC810C01B13C}.GameRelease|Win32.Build.0 = Release|Win32
		{BD1D44B8-DBF6-4E2D-AAF9-CC810C01B13C}.ServerDebug|Emscripten.ActiveCfg = ServerDebug|Win32
		{BD1D44B8-DBF6-4E2D-AAF9-CC810C01B13C}.ServerDebug|Mixed Platforms.ActiveCfg = ServerDebug|Win32
		{BD1D44B8-DBF6-4E2D-AAF9-CC810C01B13C}.ServerDebug|Mixed Platforms.Build.0 = ServerDebug|Win32
		{BD1D44B8-DBF6-4E2D-AAF9-CC810C01B13C}.ServerDebug|Tegra-Android.ActiveCfg = ServerDebug|Win32
		{BD1D44B8-DBF6-4E2D-AAF9-CC810C01B13C}.ServerDebug|Win32.ActiveCfg = ServerDebug|Win32
		{BD1D44B8-DBF6-4E2D-AAF9-CC810C01B13C}.ServerDebug|Win32.Build.0 = ServerDebug|Win32
		{3A7B9E5E-2286-4772-A788-8D23B85F9153}.EditorDebug|Emscripten.ActiveCfg = GameDevelopment|Emscripten
		{3A7B9E5E-2286-4772-A788-8D23B85F9153}.EditorDebug|Emscripten.Build.0 = GameDevelopment|Emscripten
		{3A7B9E5E-2286-4772-A788-8D23B85F9153}.EditorDebug|Mixed Platforms.ActiveCfg = GameDevelopment|Emscripten
		{3A7B9E5E-2286-4772-A788-8D23B85F9153}.EditorDebug|Mixed Platforms.Build.0 = GameDevelopment|Emscripten
		{3A7B9E5E-2286-4772-A788-8D23B85F9153}.EditorDebug|Tegra-Android.ActiveCfg = GameRelease|Emscripten
		{3A7B9E5E-2286-4772-A788-8D23B85F9153}.EditorDebug|Win32.ActiveCfg = GameDevelopment|Emscripten
		{3A7B9E5E-2286-4772-A788-8D23B85F9153}.EditorDevelopment|Emscripten.ActiveCfg = GameDevelopment|Emscripten
		{3A7B9E5E-2286-4772-A788-8D23B85F9153}.EditorDevelopment|Emscripten.Build.0 = GameDevelopment|Emscripten
		{3A7B9E5E-2286-4772-A788-8D23B85F9153}.EditorDevelopment|Mixed Platforms.ActiveCfg = GameDevelopment|Emscripten
		{3A7B9E5E-2286-4772-A788-8D23B85F9153}.EditorDevelopment|Mixed Platforms.Build.0 = GameDevelopment|Emscripten
		{3A7B9E5E-2286-4772-A788-8D23B85F9153}.EditorDevelopment|Tegra-Android.ActiveCfg = GameRelease|Emscripten
		{3A7B9E5E-2286-4772-A788-8D23B85F9153}.EditorDevelopment|Win32.ActiveCfg = GameDevelopment|Emscripten
		{3A7B9E5E-2286-4772-A788-8D23B85F9153}.GameDebug|Emscripten.ActiveCfg = GameDebug|Emscripten
		{3A7B9E5E-2286-4772-A788-8D23B85F9153}.GameDebug|Emscripten.Build.0 = GameDebug|Emscripten
		{3A7B9E5E-2286-4772-A788-8D23B85F9153}.GameDebug|Mixed Platforms.ActiveCfg = GameDebug|Emscripten
		{3A7B9E5E-2286-4772-A788-8D23B85F9153}.GameDebug|Mixed Platforms.Build.0 = GameDebug|Emscripten
		{3A7B9E5E-2286-4772-A788-8D23B85F9153}.GameDebug|Tegra-Android.ActiveCfg = GameDebug|Emscripten
		{3A7B9E5E-2286-4772-A788-8D23B85F9153}.GameDebug|Win32.ActiveCfg = GameDebug|Emscripten
		{3A7B9E5E-2286-4772-A788-8D23B85F9153}.GameDebugGL2|Emscripten.ActiveCfg = GameDebug|Emscripten
		{3A7B9E5E-2286-4772-A788-8D23B85F9153}.GameDebugGL2|Mixed Platforms.ActiveCfg = GameDebug|Emscripten
		{3A7B9E5E-2286-4772-A788-8D23B85F9153}.GameDebugGL2|Tegra-Android.ActiveCfg = GameDebug|Emscripten
		{3A7B9E5E-2286-4772-A788-8D23B85F9153}.GameDebugGL2|Win32.ActiveCfg = GameDebug|Emscripten
		{3A7B9E5E-2286-4772-A788-8D23B85F9153}.GameDevelopment|Emscripten.ActiveCfg = GameDevelopment|Emscripten
		{3A7B9E5E-2286-4772-A788-8D23B85F9153}.GameDevelopment|Emscripten.Build.0 = GameDevelopment|Emscripten
		{3A7B9E5E-2286-4772-A788-8D23B85F9153}.GameDevelopment|Mixed Platforms.ActiveCfg = GameDevelopment|Emscripten
		{3A7B9E5E-2286-4772-A788-8D23B85F9153}.GameDevelopment|Mixed Platforms.Build.0 = GameDevelopment|Emscripten
		{3A7B9E5E-2286-4772-A788-8D23B85F9153}.GameDevelopment|Tegra-Android.ActiveCfg = GameDevelopment|Emscripten
		{3A7B9E5E-2286-4772-A788-8D23B85F9153}.GameDevelopment|Win32.ActiveCfg = GameDevelopment|Emscripten
		{3A7B9E5E-2286-4772-A788-8D23B85F9153}.GameRelease|Emscripten.ActiveCfg = GameRelease|Emscripten
		{3A7B9E5E-2286-4772-A788-8D23B85F9153}.GameRelease|Emscripten.Build.0 = GameRelease|Emscripten
		{3A7B9E5E-2286-4772-A788-8D23B85F9153}.GameRelease|Mixed Platforms.ActiveCfg = GameRelease|Emscripten
		{3A7B9E5E-2286-4772-A788-8D23B85F9153}.GameRelease|Mixed Platforms.Build.0 = GameRelease|Emscripten
		{3A7B9E5E-2286-4772-A788-8D23B85F9153}.GameRelease|Tegra-Android.ActiveCfg = GameRelease|Emscripten
		{3A7B9E5E-2286-4772-A788-8D23B85F9153}.GameRelease|Win32.ActiveCfg = GameRelease|Emscripten
		{3A7B9E5E-2286-4772-A788-8D23B85F9153}.ServerDebug|Emscripten.ActiveCfg = GameDebug|Emscripten
		{3A7B9E5E-2286-4772-A788-8D23B85F9153}.ServerDebug|Mixed Platforms.ActiveCfg = GameDebug|Emscripten
		{3A7B9E5E-2286-4772-A788-8D23B85F9153}.ServerDebug|Tegra-Android.ActiveCfg = GameRelease|Emscripten
		{3A7B9E5E-2286-4772-A788-8D23B85F9153}.ServerDebug|Win32.ActiveCfg = GameDebug|Emscripten
		{F24DDFE3-5073-45E6-9AC9-31F0175665B8}.EditorDebug|Emscripten.ActiveCfg = EditorDebug|Win32
		{F24DDFE3-5073-45E6-9AC9-31F0175665B8}.EditorDebug|Mixed Platforms.ActiveCfg = EditorDebug|Win32
		{F24DDFE3-5073-45E6-9AC9-31F0175665B8}.EditorDebug|Mixed Platforms.Build.0 = EditorDebug|Win32
		{F24DDFE3-5073-45E6-9AC9-31F0175665B8}.EditorDebug|Tegra-Android.ActiveCfg = EditorDebug|Win32
		{F24DDFE3-5073-45E6-9AC9-31F0175665B8}.EditorDebug|Win32.ActiveCfg = EditorDebug|Win32
		{F24DDFE3-5073-45E6-9AC9-31F0175665B8}.EditorDevelopment|Emscripten.ActiveCfg = EditorDevelopment|Win32
		{F24DDFE3-5073-45E6-9AC9-31F0175665B8}.EditorDevelopment|Mixed Platforms.ActiveCfg = EditorDevelopment|Win32
		{F24DDFE3-5073-45E6-9AC9-31F0175665B8}.EditorDevelopment|Mixed Platforms.Build.0 = EditorDevelopment|Win32
		{F24DDFE3-5073-45E6-9AC9-31F0175665B8}.EditorDevelopment|Tegra-Android.ActiveCfg = EditorDevelopment|Win32
		{F24DDFE3-5073-45E6-9AC9-31F0175665B8}.EditorDevelopment|Win32.ActiveCfg = EditorDevelopment|Win32
		{F24DDFE3-5073-45E6-9AC9-31F0175665B8}.GameDebug|Emscripten.ActiveCfg = GameDebug|Win32
		{F24DDFE3-5073-45E6-9AC9-31F0175665B8}.GameDebug|Mixed Platforms.ActiveCfg = GameDebug|Win32
		{F24DDFE3-5073-45E6-9AC9-31F0175665B8}.GameDebug|Mixed Platforms.Build.0 = GameDebug|Win32
		{F24DDFE3-5073-45E6-9AC9-31F0175665B8}.GameDebug|Tegra-Android.ActiveCfg = GameDebug|Win32
		{F24DDFE3-5073-45E6-9AC9-31F0175665B8}.GameDebug|Win32.ActiveCfg = GameDebug|Win32
		{F24DDFE3-5073-45E6-9AC9-31F0175665B8}.GameDebugGL2|Emscripten.ActiveCfg = GameDebugGL2|Win32
		{F24DDFE3-5073-45E6-9AC9-31F0175665B8}.GameDebugGL2|Mixed Platforms.ActiveCfg = GameDebugGL2|Win32
		{F24DDFE3-5073-45E6-9AC9-31F0175665B8}.GameDebugGL2|Mixed Platforms.Build.0 = GameDebugGL2|Win32
		{F24DDFE3-5073-45E6-9AC9-31F0175665B8}.GameDebugGL2|Tegra-Android.ActiveCfg = GameDebugGL2|Win32
		{F24DDFE3-5073-45E6-9AC9-31F0175665B8}.GameDebugGL2|Win32.ActiveCfg = GameDebugGL2|Win32
		{F24DDFE3-5073-45E6-9AC9-31F0175665B8}.GameDebugGL2|Win32.Build.0 = GameDebugGL2|Win32
		{F24DDFE3-5073-45E6-9AC9-31F0175665B8}.GameDevelopment|Emscripten.ActiveCfg = GameDevelopment|Win32
		{F24DDFE3-5073-45E6-9AC9-31F0175665B8}.GameDevelopment|Mixed Platforms.ActiveCfg = GameDevelopment|Win32
		{F24DDFE3-5073-45E6-9AC9-31F0175665B8}.GameDevelopment|Mixed Platforms.Build.0 = GameDevelopment|Win32
		{F24DDFE3-5073-45E6-9AC9-31F0175665B8}.GameDevelopment|Tegra-Android.ActiveCfg = GameDevelopment|Win32
		{F24DDFE3-5073-45E6-9AC9-31F0175665B8}.GameDevelopment|Win32.ActiveCfg = GameDevelopment|Win32
		{F24DDFE3-5073-45E6-9AC9-31F0175665B8}.GameRelease|Emscripten.ActiveCfg = GameRelease|Win32
		{F24DDFE3-5073-45E6-9AC9-31F0175665B8}.GameRelease|Mixed Platforms.ActiveCfg = GameRelease|Win32
		{F24DDFE3-5073-45E6-9AC9-31F0175665B8}.GameRelease|Mixed Platforms.Build.0 = GameRelease|Win32
		{F24DDFE3-5073-45E6-9AC9-31F0175665B8}.GameRelease|Tegra-Android.ActiveCfg = GameRelease|Win32
		{F24DDFE3-5073-45E6-9AC9-31F0175665B8}.GameRelease|Win32.ActiveCfg = GameRelease|Win32
		{F24DDFE3-5073-45E6-9AC9-31F0175665B8}.ServerDebug|Emscripten.ActiveCfg = ServerDebug|Win32
		{F24DDFE3-5073-45E6-9AC9-31F0175665B8}.ServerDebug|Mixed Platforms.ActiveCfg = ServerDebug|Win32
		{F24DDFE3-5073-45E6-9AC9-31F0175665B8}.ServerDebug|Mixed Platforms.Build.0 = ServerDebug|Win32
		{F24DDFE3-5073-45E6-9AC9-31F0175665B8}.ServerDebug|Tegra-Android.ActiveCfg = ServerDebug|Win32
		{F24DDFE3-5073-45E6-9AC9-31F0175665B8}.ServerDebug|Win32.ActiveCfg = ServerDebug|Win32
		{19319964-F233-4C47-9ECD-C499E584CE7F}.EditorDebug|Emscripten.ActiveCfg = EditorDebug|Win32
		{19319964-F233-4C47-9ECD-C499E584CE7F}.EditorDebug|Mixed Platforms.ActiveCfg = EditorDebug|Win32
		{19319964-F233-4C47-9ECD-C499E584CE7F}.EditorDebug|Mixed Platforms.Build.0 = EditorDebug|Win32
		{19319964-F233-4C47-9ECD-C499E584CE7F}.EditorDebug|Tegra-Android.ActiveCfg = EditorDebug|Win32
		{19319964-F233-4C47-9ECD-C499E584CE7F}.EditorDebug|Win32.ActiveCfg = EditorDebug|Win32
		{19319964-F233-4C47-9ECD-C499E584CE7F}.EditorDebug|Win32.Build.0 = EditorDebug|Win32
		{19319964-F233-4C47-9ECD-C499E584CE7F}.EditorDevelopment|Emscripten.ActiveCfg = EditorDevelopment|Win32
		{19319964-F233-4C47-9ECD-C499E584CE7F}.EditorDevelopment|Mixed Platforms.ActiveCfg = EditorDevelopment|Win32
		{19319964-F233-4C47-9ECD-C499E584CE7F}.EditorDevelopment|Mixed Platforms.Build.0 = EditorDevelopment|Win32
		{19319964-F233-4C47-9ECD-C499E584CE7F}.EditorDevelopment|Tegra-Android.ActiveCfg = EditorDevelopment|Win32
		{19319964-F233-4C47-9ECD-C499E584CE7F}.EditorDevelopment|Win32.ActiveCfg = EditorDevelopment|Win32
		{19319964-F233-4C47-9ECD-C499E584CE7F}.EditorDevelopment|Win32.Build.0 = EditorDevelopment|Win32
		{19319964-F233-4C47-9ECD-C499E584CE7F}.GameDebug|Emscripten.ActiveCfg = EditorDevelopment|Win32
		{19319964-F233-4C47-9ECD-C499E584CE7F}.GameDebug|Mixed Platforms.ActiveCfg = EditorDevelopment|Win32
		{19319964-F233-4C47-9ECD-C499E584CE7F}.GameDebug|Mixed Platforms.Build.0 = EditorDevelopment|Win32
		{19319964-F233-4C47-9ECD-C499E584CE7F}.GameDebug|Tegra-Android.ActiveCfg = GameDebugGL2|Win32
		{19319964-F233-4C47-9ECD-C499E584CE7F}.GameDebug|Win32.ActiveCfg = EditorDevelopment|Win32
		{19319964-F233-4C47-9ECD-C499E584CE7F}.GameDebugGL2|Emscripten.ActiveCfg = GameDebugGL2|Win32
		{19319964-F233-4C47-9ECD-C499E584CE7F}.GameDebugGL2|Mixed Platforms.ActiveCfg = GameDebugGL2|Win32
		{19319964-F233-4C47-9ECD-C499E584CE7F}.GameDebugGL2|Mixed Platforms.Build.0 = GameDebugGL2|Win32
		{19319964-F233-4C47-9ECD-C499E584CE7F}.GameDebugGL2|Tegra-Android.ActiveCfg = GameDebugGL2|Win32
		{19319964-F233-4C47-9ECD-C499E584CE7F}.GameDebugGL2|Win32.ActiveCfg = GameDebugGL2|Win32
		{19319964-F233-4C47-9ECD-C499E584CE7F}.GameDevelopment|Emscripten.ActiveCfg = EditorDevelopment|Win32
		{19319964-F233-4C47-9ECD-C499E584CE7F}.GameDevelopment|Mixed Platforms.ActiveCfg = EditorDevelopment|Win32
		{19319964-F233-4C47-9ECD-C499E584CE7F}.GameDevelopment|Mixed Platforms.Build.0 = EditorDevelopment|Win32
		{19319964-F233-4C47-9ECD-C499E584CE7F}.GameDevelopment|Tegra-Android.ActiveCfg = GameDebugGL2|Win32
		{19319964-F233-4C47-9ECD-C499E584CE7F}.GameDevelopment|Win32.ActiveCfg = EditorDebug|Win32
		{19319964-F233-4C47-9ECD-C499E584CE7F}.GameRelease|Emscripten.ActiveCfg = EditorDevelopment|Win32
		{19319964-F233-4C47-9ECD-C499E584CE7F}.GameRelease|Mixed Platforms.ActiveCfg = EditorDevelopment|Win32
		{19319964-F233-4C47-9ECD-C499E584CE7F}.GameRelease|Mixed Platforms.Build.0 = EditorDevelopment|Win32
		{19319964-F233-4C47-9ECD-C499E584CE7F}.GameRelease|Tegra-Android.ActiveCfg = GameDebugGL2|Win32
		{19319964-F233-4C47-9ECD-C499E584CE7F}.GameRelease|Win32.ActiveCfg = EditorDevelopment|Win32
		{19319964-F233-4C47-9ECD-C499E584CE7F}.ServerDebug|Emscripten.ActiveCfg = ServerDebug|Win32
		{19319964-F233-4C47-9ECD-C499E584CE7F}.ServerDebug|Mixed Platforms.ActiveCfg = ServerDebug|Win32
		{19319964-F233-4C47-9ECD-C499E584CE7F}.ServerDebug|Mixed Platforms.Build.0 = ServerDebug|Win32
		{19319964-F233-4C47-9ECD-C499E584CE7F}.ServerDebug|Tegra-Android.ActiveCfg = ServerDebug|Win32
		{19319964-F233-4C47-9ECD-C499E584CE7F}.ServerDebug|Win32.ActiveCfg = ServerDebug|Win32
		{615966E2-5B5A-4779-8CF6-42E0DA13BB01}.EditorDebug|Emscripten.ActiveCfg = EditorDebug|Any CPU
		{615966E2-5B5A-4779-8CF6-42E0DA13BB01}.EditorDebug|Mixed Platforms.ActiveCfg = EditorDebug|Any CPU
		{615966E2-5B5A-4779-8CF6-42E0DA13BB01}.EditorDebug|Mixed Platforms.Build.0 = EditorDebug|Any CPU
		{615966E2-5B5A-4779-8CF6-42E0DA13BB01}.EditorDebug|Tegra-Android.ActiveCfg = EditorDebug|Any CPU
		{615966E2-5B5A-4779-8CF6-42E0DA13BB01}.EditorDebug|Win32.ActiveCfg = EditorDebug|Any CPU
		{615966E2-5B5A-4779-8CF6-42E0DA13BB01}.EditorDebug|Win32.Build.0 = EditorDebug|Any CPU
		{615966E2-5B5A-4779-8CF6-42E0DA13BB01}.EditorDevelopment|Emscripten.ActiveCfg = EditorDevelopment|Any CPU
		{615966E2-5B5A-4779-8CF6-42E0DA13BB01}.EditorDevelopment|Mixed Platforms.ActiveCfg = EditorDevelopment|Any CPU
		{615966E2-5B5A-4779-8CF6-42E0DA13BB01}.EditorDevelopment|Mixed Platforms.Build.0 = EditorDevelopment|Any CPU
		{615966E2-5B5A-4779-8CF6-42E0DA13BB01}.EditorDevelopment|Tegra-Android.ActiveCfg = EditorDevelopment|Any CPU
		{615966E2-5B5A-4779-8CF6-42E0DA13BB01}.EditorDevelopment|Win32.ActiveCfg = EditorDevelopment|Any CPU
		{615966E2-5B5A-4779-8CF6-42E0DA13BB01}.EditorDevelopment|Win32.Build.0 = EditorDevelopment|Any CPU
		{615966E2-5B5A-4779-8CF6-42E0DA13BB01}.GameDebug|Emscripten.ActiveCfg = EditorDevelopment|Any CPU
		{615966E2-5B5A-4779-8CF6-42E0DA13BB01}.GameDebug|Mixed Platforms.ActiveCfg = EditorDevelopment|Any CPU
		{615966E2-5B5A-4779-8CF6-42E0DA13BB01}.GameDebug|Mixed Platforms.Build.0 = EditorDevelopment|Any CPU
		{615966E2-5B5A-4779-8CF6-42E0DA13BB01}.GameDebug|Tegra-Android.ActiveCfg = GameDebugGL2|Any CPU
		{615966E2-5B5A-4779-8CF6-42E0DA13BB01}.GameDebug|Win32.ActiveCfg = EditorDevelopment|Any CPU
		{615966E2-5B5A-4779-8CF6-42E0DA13BB01}.GameDebugGL2|Emscripten.ActiveCfg = GameDebugGL2|Any CPU
		{615966E2-5B5A-4779-8CF6-42E0DA13BB01}.GameDebugGL2|Mixed Platforms.ActiveCfg = GameDebugGL2|Any CPU
		{615966E2-5B5A-4779-8CF6-42E0DA13BB01}.GameDebugGL2|Mixed Platforms.Build.0 = GameDebugGL2|Any CPU
		{615966E2-5B5A-4779-8CF6-42E0DA13BB01}.GameDebugGL2|Tegra-Android.ActiveCfg = GameDebugGL2|Any CPU
		{615966E2-5B5A-4779-8CF6-42E0DA13BB01}.GameDebugGL2|Win32.ActiveCfg = GameDebugGL2|Any CPU
		{615966E2-5B5A-4779-8CF6-42E0DA13BB01}.GameDevelopment|Emscripten.ActiveCfg = EditorDevelopment|Any CPU
		{615966E2-5B5A-4779-8CF6-42E0DA13BB01}.GameDevelopment|Mixed Platforms.ActiveCfg = EditorDevelopment|Any CPU
		{615966E2-5B5A-4779-8CF6-42E0DA13BB01}.GameDevelopment|Mixed Platforms.Build.0 = EditorDevelopment|Any CPU
		{615966E2-5B5A-4779-8CF6-42E0DA13BB01}.GameDevelopment|Tegra-Android.ActiveCfg = GameDebugGL2|Any CPU
		{615966E2-5B5A-4779-8CF6-42E0DA13BB01}.GameDevelopment|Win32.ActiveCfg = EditorDevelopment|Any CPU
		{615966E2-5B5A-4779-8CF6-42E0DA13BB01}.GameRelease|Emscripten.ActiveCfg = EditorDevelopment|Any CPU
		{615966E2-5B5A-4779-8CF6-42E0DA13BB01}.GameRelease|Mixed Platforms.ActiveCfg = EditorDevelopment|Any CPU
		{615966E2-5B5A-4779-8CF6-42E0DA13BB01}.GameRelease|Mixed Platforms.Build.0 = EditorDevelopment|Any CPU
		{615966E2-5B5A-4779-8CF6-42E0DA13BB01}.GameRelease|Tegra-Android.ActiveCfg = GameDebugGL2|Any CPU
		{615966E2-5B5A-4779-8CF6-42E0DA13BB01}.GameRelease|Win32.ActiveCfg = EditorDevelopment|Any CPU
		{615966E2-5B5A-4779-8CF6-42E0DA13BB01}.ServerDebug|Emscripten.ActiveCfg = ServerDebug|Any CPU
		{615966E2-5B5A-4779-8CF6-42E0DA13BB01}.ServerDebug|Mixed Platforms.ActiveCfg = ServerDebug|Any CPU
		{615966E2-5B5A-4779-8CF6-42E0DA13BB01}.ServerDebug|Mixed Platforms.Build.0 = ServerDebug|Any CPU
		{615966E2-5B5A-4779-8CF6-42E0DA13BB01}.ServerDebug|Tegra-Android.ActiveCfg = ServerDebug|Any CPU
		{615966E2-5B5A-4779-8CF6-42E0DA13BB01}.ServerDebug|Win32.ActiveCfg = ServerDebug|Any CPU
		{8B4C4780-0D51-4F95-991F-F5CFD7D5D7A5}.EditorDebug|Emscripten.ActiveCfg = GameRelease|Tegra-Android
		{8B4C4780-0D51-4F95-991F-F5CFD7D5D7A5}.EditorDebug|Mixed Platforms.ActiveCfg = GameRelease|Tegra-Android
		{8B4C4780-0D51-4F95-991F-F5CFD7D5D7A5}.EditorDebug|Mixed Platforms.Build.0 = GameRelease|Tegra-Android
		{8B4C4780-0D51-4F95-991F-F5CFD7D5D7A5}.EditorDebug|Tegra-Android.ActiveCfg = GameDevelopment|Tegra-Android
		{8B4C4780-0D51-4F95-991F-F5CFD7D5D7A5}.EditorDebug|Win32.ActiveCfg = GameRelease|Tegra-Android
		{8B4C4780-0D51-4F95-991F-F5CFD7D5D7A5}.EditorDevelopment|Emscripten.ActiveCfg = GameRelease|Tegra-Android
		{8B4C4780-0D51-4F95-991F-F5CFD7D5D7A5}.EditorDevelopment|Mixed Platforms.ActiveCfg = GameRelease|Tegra-Android
		{8B4C4780-0D51-4F95-991F-F5CFD7D5D7A5}.EditorDevelopment|Mixed Platforms.Build.0 = GameRelease|Tegra-Android
		{8B4C4780-0D51-4F95-991F-F5CFD7D5D7A5}.EditorDevelopment|Tegra-Android.ActiveCfg = GameDevelopment|Tegra-Android
		{8B4C4780-0D51-4F95-991F-F5CFD7D5D7A5}.EditorDevelopment|Win32.ActiveCfg = GameRelease|Tegra-Android
		{8B4C4780-0D51-4F95-991F-F5CFD7D5D7A5}.GameDebug|Emscripten.ActiveCfg = GameDebug|Tegra-Android
		{8B4C4780-0D51-4F95-991F-F5CFD7D5D7A5}.GameDebug|Mixed Platforms.ActiveCfg = GameDebug|Tegra-Android
		{8B4C4780-0D51-4F95-991F-F5CFD7D5D7A5}.GameDebug|Mixed Platforms.Build.0 = GameDebug|Tegra-Android
		{8B4C4780-0D51-4F95-991F-F5CFD7D5D7A5}.GameDebug|Tegra-Android.ActiveCfg = GameDebug|Tegra-Android
		{8B4C4780-0D51-4F95-991F-F5CFD7D5D7A5}.GameDebug|Tegra-Android.Build.0 = GameDebug|Tegra-Android
		{8B4C4780-0D51-4F95-991F-F5CFD7D5D7A5}.GameDebug|Win32.ActiveCfg = GameDebug|Tegra-Android
		{8B4C4780-0D51-4F95-991F-F5CFD7D5D7A5}.GameDebugGL2|Emscripten.ActiveCfg = GameDebug|Tegra-Android
		{8B4C4780-0D51-4F95-991F-F5CFD7D5D7A5}.GameDebugGL2|Mixed Platforms.ActiveCfg = GameDebug|Tegra-Android
		{8B4C4780-0D51-4F95-991F-F5CFD7D5D7A5}.GameDebugGL2|Tegra-Android.ActiveCfg = GameDebug|Tegra-Android
		{8B4C4780-0D51-4F95-991F-F5CFD7D5D7A5}.GameDebugGL2|Win32.ActiveCfg = GameDebug|Tegra-Android
		{8B4C4780-0D51-4F95-991F-F5CFD7D5D7A5}.GameDevelopment|Emscripten.ActiveCfg = GameDevelopment|Tegra-Android
		{8B4C4780-0D51-4F95-991F-F5CFD7D5D7A5}.GameDevelopment|Mixed Platforms.ActiveCfg = GameDevelopment|Tegra-Android
		{8B4C4780-0D51-4F95-991F-F5CFD7D5D7A5}.GameDevelopment|Mixed Platforms.Build.0 = GameDevelopment|Tegra-Android
		{8B4C4780-0D51-4F95-991F-F5CFD7D5D7A5}.GameDevelopment|Tegra-Android.ActiveCfg = GameDevelopment|Tegra-Android
		{8B4C4780-0D51-4F95-991F-F5CFD7D5D7A5}.GameDevelopment|Win32.ActiveCfg = GameDevelopment|Tegra-Android
		{8B4C4780-0D51-4F95-991F-F5CFD7D5D7A5}.GameRelease|Emscripten.ActiveCfg = GameRelease|Tegra-Android
		{8B4C4780-0D51-4F95-991F-F5CFD7D5D7A5}.GameRelease|Mixed Platforms.ActiveCfg = GameRelease|Tegra-Android
		{8B4C4780-0D51-4F95-991F-F5CFD7D5D7A5}.GameRelease|Mixed Platforms.Build.0 = GameRelease|Tegra-Android
		{8B4C4780-0D51-4F95-991F-F5CFD7D5D7A5}.GameRelease|Tegra-Android.ActiveCfg = GameRelease|Tegra-Android
		{8B4C4780-0D51-4F95-991F-F5CFD7D5D7A5}.GameRelease|Tegra-Android.Build.0 = GameRelease|Tegra-Android
		{8B4C4780-0D51-4F95-991F-F5CFD7D5D7A5}.GameRelease|Win32.ActiveCfg = GameRelease|Tegra-Android
		{8B4C4780-0D51-4F95-991F-F5CFD7D5D7A5}.ServerDebug|Emscripten.ActiveCfg = GameDebug|Tegra-Android
		{8B4C4780-0D51-4F95-991F-F5CFD7D5D7A5}.ServerDebug|Mixed Platforms.ActiveCfg = GameDebug|Tegra-Android
		{8B4C4780-0D51-4F95-991F-F5CFD7D5D7A5}.ServerDebug|Tegra-Android.ActiveCfg = GameDevelopment|Tegra-Android
		{8B4C4780-0D51-4F95-991F-F5CFD7D5D7A5}.ServerDebug|Win32.ActiveCfg = GameDebug|Tegra-Android
		{335C6298-FD09-477F-BE24-239C79B9ECB6}.EditorDebug|Emscripten.ActiveCfg = GameDebug|Win32
		{335C6298-FD09-477F-BE24-239C79B9ECB6}.EditorDebug|Mixed Platforms.ActiveCfg = GameDebug|Win32
		{335C6298-FD09-477F-BE24-239C79B9ECB6}.EditorDebug|Mixed Platforms.Build.0 = GameDebug|Win32
		{335C6298-FD09-477F-BE24-239C79B9ECB6}.EditorDebug|Tegra-Android.ActiveCfg = GameDevelopment|Win32
		{335C6298-FD09-477F-BE24-239C79B9ECB6}.EditorDebug|Win32.ActiveCfg = GameDebug|Win32
		{335C6298-FD09-477F-BE24-239C79B9ECB6}.EditorDebug|Win32.Build.0 = GameDebug|Win32
		{335C6298-FD09-477F-BE24-239C79B9ECB6}.EditorDevelopment|Emscripten.ActiveCfg = GameDebug|Win32
		{335C6298-FD09-477F-BE24-239C79B9ECB6}.EditorDevelopment|Mixed Platforms.ActiveCfg = GameDebug|Win32
		{335C6298-FD09-477F-BE24-239C79B9ECB6}.EditorDevelopment|Mixed Platforms.Build.0 = GameDebug|Win32
		{335C6298-FD09-477F-BE24-239C79B9ECB6}.EditorDevelopment|Tegra-Android.ActiveCfg = GameDevelopment|Win32
		{335C6298-FD09-477F-BE24-239C79B9ECB6}.EditorDevelopment|Win32.ActiveCfg = GameDebug|Win32
		{335C6298-FD09-477F-BE24-239C79B9ECB6}.EditorDevelopment|Win32.Build.0 = GameDebug|Win32
		{335C6298-FD09-477F-BE24-239C79B9ECB6}.GameDebug|Emscripten.ActiveCfg = GameDebug|Win32
		{335C6298-FD09-477F-BE24-239C79B9ECB6}.GameDebug|Mixed Platforms.ActiveCfg = GameDebug|Win32
		{335C6298-FD09-477F-BE24-239C79B9ECB6}.GameDebug|Mixed Platforms.Build.0 = GameDebug|Win32
		{335C6298-FD09-477F-BE24-239C79B9ECB6}.GameDebug|Tegra-Android.ActiveCfg = GameDebug|Win32
		{335C6298-FD09-477F-BE24-239C79B9ECB6}.GameDebug|Win32.ActiveCfg = GameDebug|Win32
		{335C6298-FD09-477F-BE24-239C79B9ECB6}.GameDebug|Win32.Build.0 = GameDebug|Win32
		{335C6298-FD09-477F-BE24-239C79B9ECB6}.GameDebugGL2|Emscripten.ActiveCfg = GameDebug|Win32
		{335C6298-FD09-477F-BE24-239C79B9ECB6}.GameDebugGL2|Mixed Platforms.ActiveCfg = GameDebug|Win32
		{335C6298-FD09-477F-BE24-239C79B9ECB6}.GameDebugGL2|Tegra-Android.ActiveCfg = GameDebug|Win32
		{335C6298-FD09-477F-BE24-239C79B9ECB6}.GameDebugGL2|Win32.ActiveCfg = GameDebug|Win32
		{335C6298-FD09-477F-BE24-239C79B9ECB6}.GameDevelopment|Emscripten.ActiveCfg = GameDevelopment|Win32
		{335C6298-FD09-477F-BE24-239C79B9ECB6}.GameDevelopment|Mixed Platforms.ActiveCfg = GameDevelopment|Win32
		{335C6298-FD09-477F-BE24-239C79B9ECB6}.GameDevelopment|Mixed Platforms.Build.0 = GameDevelopment|Win32
		{335C6298-FD09-477F-BE24-239C79B9ECB6}.GameDevelopment|Tegra-Android.ActiveCfg = GameDevelopment|Win32
		{335C6298-FD09-477F-BE24-239C79B9ECB6}.GameDevelopment|Win32.ActiveCfg = GameDevelopment|Win32
		{335C6298-FD09-477F-BE24-239C79B9ECB6}.GameDevelopment|Win32.Build.0 = GameDevelopment|Win32
		{335C6298-FD09-477F-BE24-239C79B9ECB6}.GameRelease|Emscripten.ActiveCfg = GameRelease|Win32
		{335C6298-FD09-477F-BE24-239C79B9ECB6}.GameRelease|Mixed Platforms.ActiveCfg = GameRelease|Win32
		{335C6298-FD09-477F-BE24-239C79B9ECB6}.GameRelease|Mixed Platforms.Build.0 = GameRelease|Win32
		{335C6298-FD09-477F-BE24-239C79B9ECB6}.GameRelease|Tegra-Android.ActiveCfg = GameRelease|Win32
		{335C6298-FD09-477F-BE24-239C79B9ECB6}.GameRelease|Win32.ActiveCfg = GameRelease|Win32
		{335C6298-FD09-477F-BE24-239C79B9ECB6}.GameRelease|Win32.Build.0 = GameRelease|Win32
		{335C6298-FD09-477F-BE24-239C79B9ECB6}.ServerDebug|Emscripten.ActiveCfg = ServerDebug|Win32
		{335C6298-FD09-477F-BE24-239C79B9ECB6}.ServerDebug|Mixed Platforms.ActiveCfg = ServerDebug|Win32
		{335C6298-FD09-477F-BE24-239C79B9ECB6}.ServerDebug|Mixed Platforms.Build.0 = ServerDebug|Win32
		{335C6298-FD09-477F-BE24-239C79B9ECB6}.ServerDebug|Tegra-Android.ActiveCfg = ServerDebug|Win32
		{335C6298-FD09-477F-BE24-239C79B9ECB6}.ServerDebug|Win32.ActiveCfg = ServerDebug|Win32
		{335C6298-FD09-477F-BE24-239C79B9ECB6}.ServerDebug|Win32.Build.0 = ServerDebug|Win32
		{1529A55F-B375-4B1D-B7D8-435509354DE1}.EditorDebug|Emscripten.ActiveCfg = EditorDebug|Win32
		{1529A55F-B375-4B1D-B7D8-435509354DE1}.EditorDebug|Mixed Platforms.ActiveCfg = EditorDebug|Win32
		{1529A55F-B375-4B1D-B7D8-435509354DE1}.EditorDebug|Mixed Platforms.Build.0 = EditorDebug|Win32
		{1529A55F-B375-4B1D-B7D8-435509354DE1}.EditorDebug|Tegra-Android.ActiveCfg = EditorDebug|Win32
		{1529A55F-B375-4B1D-B7D8-435509354DE1}.EditorDebug|Win32.ActiveCfg = EditorDebug|Win32
		{1529A55F-B375-4B1D-B7D8-435509354DE1}.EditorDebug|Win32.Build.0 = EditorDebug|Win32
		{1529A55F-B375-4B1D-B7D8-435509354DE1}.EditorDevelopment|Emscripten.ActiveCfg = EditorDevelopment|Win32
		{1529A55F-B375-4B1D-B7D8-435509354DE1}.EditorDevelopment|Mixed Platforms.ActiveCfg = EditorDevelopment|Win32
		{1529A55F-B375-4B1D-B7D8-435509354DE1}.EditorDevelopment|Mixed Platforms.Build.0 = EditorDevelopment|Win32
		{1529A55F-B375-4B1D-B7D8-435509354DE1}.EditorDevelopment|Tegra-Android.ActiveCfg = EditorDevelopment|Win32
		{1529A55F-B375-4B1D-B7D8-435509354DE1}.EditorDevelopment|Win32.ActiveCfg = EditorDevelopment|Win32
		{1529A55F-B375-4B1D-B7D8-435509354DE1}.EditorDevelopment|Win32.Build.0 = EditorDevelopment|Win32
		{1529A55F-B375-4B1D-B7D8-435509354DE1}.GameDebug|Emscripten.ActiveCfg = GameDebug|Win32
		{1529A55F-B375-4B1D-B7D8-435509354DE1}.GameDebug|Mixed Platforms.ActiveCfg = GameDebug|Win32
		{1529A55F-B375-4B1D-B7D8-435509354DE1}.GameDebug|Mixed Platforms.Build.0 = GameDebug|Win32
		{1529A55F-B375-4B1D-B7D8-435509354DE1}.GameDebug|Tegra-Android.ActiveCfg = GameDebug|Win32
		{1529A55F-B375-4B1D-B7D8-435509354DE1}.GameDebug|Win32.ActiveCfg = GameDebug|Win32
		{1529A55F-B375-4B1D-B7D8-435509354DE1}.GameDebug|Win32.Build.0 = GameDebug|Win32
		{1529A55F-B375-4B1D-B7D8-435509354DE1}.GameDebugGL2|Emscripten.ActiveCfg = GameDebugGL2|Win32
		{1529A55F-B375-4B1D-B7D8-435509354DE1}.GameDebugGL2|Mixed Platforms.ActiveCfg = GameDebugGL2|Win32
		{1529A55F-B375-4B1D-B7D8-435509354DE1}.GameDebugGL2|Mixed Platforms.Build.0 = GameDebugGL2|Win32
		{1529A55F-B375-4B1D-B7D8-435509354DE1}.GameDebugGL2|Tegra-Android.ActiveCfg = GameDebugGL2|Win32
		{1529A55F-B375-4B1D-B7D8-435509354DE1}.GameDebugGL2|Win32.ActiveCfg = GameDebugGL2|Win32
		{1529A55F-B375-4B1D-B7D8-435509354DE1}.GameDebugGL2|Win32.Build.0 = GameDebugGL2|Win32
		{1529A55F-B375-4B1D-B7D8-435509354DE1}.GameDevelopment|Emscripten.ActiveCfg = GameDevelopment|Win32
		{1529A55F-B375-4B1D-B7D8-435509354DE1}.GameDevelopment|Mixed Platforms.ActiveCfg = GameDevelopment|Win32
		{1529A55F-B375-4B1D-B7D8-435509354DE1}.GameDevelopment|Mixed Platforms.Build.0 = GameDevelopment|Win32
		{1529A55F-B375-4B1D-B7D8-435509354DE1}.GameDevelopment|Tegra-Android.ActiveCfg = GameDevelopment|Win32
		{1529A55F-B375-4B1D-B7D8-435509354DE1}.GameDevelopment|Win32.ActiveCfg = GameDevelopment|Win32
		{1529A55F-B375-4B1D-B7D8-435509354DE1}.GameDevelopment|Win32.Build.0 = GameDevelopment|Win32
		{1529A55F-B375-4B1D-B7D8-435509354DE1}.GameRelease|Emscripten.ActiveCfg = GameRelease|Win32
		{1529A55F-B375-4B1D-B7D8-435509354DE1}.GameRelease|Mixed Platforms.ActiveCfg = GameRelease|Win32
		{1529A55F-B375-4B1D-B7D8-435509354DE1}.GameRelease|Mixed Platforms.Build.0 = GameRelease|Win32
		{1529A55F-B375-4B1D-B7D8-435509354DE1}.GameRelease|Tegra-Android.ActiveCfg = GameRelease|Win32
		{1529A55F-B375-4B1D-B7D8-435509354DE1}.GameRelease|Win32.ActiveCfg = GameRelease|Win32
		{1529A55F-B375-4B1D-B7D8-435509354DE1}.GameRelease|Win32.Build.0 = GameRelease|Win32
		{1529A55F-B375-4B1D-B7D8-435509354DE1}.ServerDebug|Emscripten.ActiveCfg = ServerDebug|Win32
		{1529A55F-B375-4B1D-B7D8-435509354DE1}.ServerDebug|Mixed Platforms.ActiveCfg = ServerDebug|Win32
		{1529A55F-B375-4B1D-B7D8-435509354DE1}.ServerDebug|Mixed Platforms.Build.0 = ServerDebug|Win32
		{1529A55F-B375-4B1D-B7D8-435509354DE1}.ServerDebug|Tegra-Android.ActiveCfg = ServerDebug|Win32
		{1529A55F-B375-4B1D-B7D8-435509354DE1}.ServerDebug|Win32.ActiveCfg = ServerDebug|Win32
		{1529A55F-B375-4B1D-B7D8-435509354DE1}.ServerDebug|Win32.Build.0 = ServerDebug|Win32
		{93CCB0C5-6A6C-479E-AA60-FEF53E283078}.EditorDebug|Emscripten.ActiveCfg = EditorDebug|Win32
		{93CCB0C5-6A6C-479E-AA60-FEF53E283078}.EditorDebug|Mixed Platforms.ActiveCfg = EditorDebug|Win32
		{93CCB0C5-6A6C-479E-AA60-FEF53E283078}.EditorDebug|Mixed Platforms.Build.0 = EditorDebug|Win32
		{93CCB0C5-6A6C-479E-AA60-FEF53E283078}.EditorDebug|Tegra-Android.ActiveCfg = EditorDebug|Win32
		{93CCB0C5-6A6C-479E-AA60-FEF53E283078}.EditorDebug|Win32.ActiveCfg = EditorDebug|Win32
		{93CCB0C5-6A6C-479E-AA60-FEF53E283078}.EditorDebug|Win32.Build.0 = EditorDebug|Win32
		{93CCB0C5-6A6C-479E-AA60-FEF53E283078}.EditorDevelopment|Emscripten.ActiveCfg = EditorDevelopment|Win32
		{93CCB0C5-6A6C-479E-AA60-FEF53E283078}.EditorDevelopment|Mixed Platforms.ActiveCfg = EditorDevelopment|Win32
		{93CCB0C5-6A6C-479E-AA60-FEF53E283078}.EditorDevelopment|Mixed Platforms.Build.0 = EditorDevelopment|Win32
		{93CCB0C5-6A6C-479E-AA60-FEF53E283078}.EditorDevelopment|Tegra-Android.ActiveCfg = EditorDevelopment|Win32
		{93CCB0C5-6A6C-479E-AA60-FEF53E283078}.EditorDevelopment|Win32.ActiveCfg = EditorDevelopment|Win32
		{93CCB0C5-6A6C-479E-AA60-FEF53E283078}.EditorDevelopment|Win32.Build.0 = EditorDevelopment|Win32
		{93CCB0C5-6A6C-479E-AA60-FEF53E283078}.GameDebug|Emscripten.ActiveCfg = GameDebug|Win32
		{93CCB0C5-6A6C-479E-AA60-FEF53E283078}.GameDebug|Mixed Platforms.ActiveCfg = GameDebug|Win32
		{93CCB0C5-6A6C-479E-AA60-FEF53E283078}.GameDebug|Mixed Platforms.Build.0 = GameDebug|Win32
		{93CCB0C5-6A6C-479E-AA60-FEF53E283078}.GameDebug|Tegra-Android.ActiveCfg = GameDebug|Win32
		{93CCB0C5-6A6C-479E-AA60-FEF53E283078}.GameDebug|Win32.ActiveCfg = GameDebug|Win32
		{93CCB0C5-6A6C-479E-AA60-FEF53E283078}.GameDebug|Win32.Build.0 = GameDebug|Win32
		{93CCB0C5-6A6C-479E-AA60-FEF53E283078}.GameDebugGL2|Emscripten.ActiveCfg = GameDebugGL2|Win32
		{93CCB0C5-6A6C-479E-AA60-FEF53E283078}.GameDebugGL2|Mixed Platforms.ActiveCfg = GameDebugGL2|Win32
		{93CCB0C5-6A6C-479E-AA60-FEF53E283078}.GameDebugGL2|Mixed Platforms.Build.0 = GameDebugGL2|Win32
		{93CCB0C5-6A6C-479E-AA60-FEF53E283078}.GameDebugGL2|Tegra-Android.ActiveCfg = GameDebugGL2|Win32
		{93CCB0C5-6A6C-479E-AA60-FEF53E283078}.GameDebugGL2|Win32.ActiveCfg = GameDebugGL2|Win32
		{93CCB0C5-6A6C-479E-AA60-FEF53E283078}.GameDebugGL2|Win32.Build.0 = GameDebugGL2|Win32
		{93CCB0C5-6A6C-479E-AA60-FEF53E283078}.GameDevelopment|Emscripten.ActiveCfg = GameDevelopment|Win32
		{93CCB0C5-6A6C-479E-AA60-FEF53E283078}.GameDevelopment|Mixed Platforms.ActiveCfg = GameDevelopment|Win32
		{93CCB0C5-6A6C-479E-AA60-FEF53E283078}.GameDevelopment|Mixed Platforms.Build.0 = GameDevelopment|Win32
		{93CCB0C5-6A6C-479E-AA60-FEF53E283078}.GameDevelopment|Tegra-Android.ActiveCfg = GameDevelopment|Win32
		{93CCB0C5-6A6C-479E-AA60-FEF53E283078}.GameDevelopment|Win32.ActiveCfg = GameDevelopment|Win32
		{93CCB0C5-6A6C-479E-AA60-FEF53E283078}.GameDevelopment|Win32.Build.0 = GameDevelopment|Win32
		{93CCB0C5-6A6C-479E-AA60-FEF53E283078}.GameRelease|Emscripten.ActiveCfg = GameRelease|Win32
		{93CCB0C5-6A6C-479E-AA60-FEF53E283078}.GameRelease|Mixed Platforms.ActiveCfg = GameRelease|Win32
		{93CCB0C5-6A6C-479E-AA60-FEF53E283078}.GameRelease|Mixed Platforms.Build.0 = GameRelease|Win32
		{93CCB0C5-6A6C-479E-AA60-FEF53E283078}.GameRelease|Tegra-Android.ActiveCfg = GameRelease|Win32
		{93CCB0C5-6A6C-479E-AA60-FEF53E283078}.GameRelease|Win32.ActiveCfg = GameRelease|Win32
		{93CCB0C5-6A6C-479E-AA60-FEF53E283078}.GameRelease|Win32.Build.0 = GameRelease|Win32
		{93CCB0C5-6A6C-479E-AA60-FEF53E283078}.ServerDebug|Emscripten.ActiveCfg = ServerDebug|Win32
		{93CCB0C5-6A6C-479E-AA60-FEF53E283078}.ServerDebug|Mixed Platforms.ActiveCfg = ServerDebug|Win32
		{93CCB0C5-6A6C-479E-AA60-FEF53E283078}.ServerDebug|Mixed Platforms.Build.0 = ServerDebug|Win32
		{93CCB0C5-6A6C-479E-AA60-FEF53E283078}.ServerDebug|Tegra-Android.ActiveCfg = ServerDebug|Win32
		{93CCB0C5-6A6C-479E-AA60-FEF53E283078}.ServerDebug|Win32.ActiveCfg = ServerDebug|Win32
		{93CCB0C5-6A6C-479E-AA60-FEF53E283078}.ServerDebug|Win32.Build.0 = ServerDebug|Win32
		{97702F80-CA9C-437E-8FA0-3C5505EDF6BA}.EditorDebug|Emscripten.ActiveCfg = EditorDebug|Win32
		{97702F80-CA9C-437E-8FA0-3C5505EDF6BA}.EditorDebug|Mixed Platforms.ActiveCfg = EditorDebug|Win32
		{97702F80-CA9C-437E-8FA0-3C5505EDF6BA}.EditorDebug|Mixed Platforms.Build.0 = EditorDebug|Win32
		{97702F80-CA9C-437E-8FA0-3C5505EDF6BA}.EditorDebug|Tegra-Android.ActiveCfg = EditorDebug|Win32
		{97702F80-CA9C-437E-8FA0-3C5505EDF6BA}.EditorDebug|Win32.ActiveCfg = EditorDebug|Win32
		{97702F80-CA9C-437E-8FA0-3C5505EDF6BA}.EditorDebug|Win32.Build.0 = EditorDebug|Win32
		{97702F80-CA9C-437E-8FA0-3C5505EDF6BA}.EditorDevelopment|Emscripten.ActiveCfg = EditorDevelopment|Win32
		{97702F80-CA9C-437E-8FA0-3C5505EDF6BA}.EditorDevelopment|Mixed Platforms.ActiveCfg = EditorDevelopment|Win32
		{97702F80-CA9C-437E-8FA0-3C5505EDF6BA}.EditorDevelopment|Mixed Platforms.Build.0 = EditorDevelopment|Win32
		{97702F80-CA9C-437E-8FA0-3C5505EDF6BA}.EditorDevelopment|Tegra-Android.ActiveCfg = EditorDevelopment|Win32
		{97702F80-CA9C-437E-8FA0-3C5505EDF6BA}.EditorDevelopment|Win32.ActiveCfg = EditorDevelopment|Win32
		{97702F80-CA9C-437E-8FA0-3C5505EDF6BA}.EditorDevelopment|Win32.Build.0 = EditorDevelopment|Win32
		{97702F80-CA9C-437E-8FA0-3C5505EDF6BA}.GameDebug|Emscripten.ActiveCfg = GameDebug|Win32
		{97702F80-CA9C-437E-8FA0-3C5505EDF6BA}.GameDebug|Mixed Platforms.ActiveCfg = GameDebug|Win32
		{97702F80-CA9C-437E-8FA0-3C5505EDF6BA}.GameDebug|Mixed Platforms.Build.0 = GameDebug|Win32
		{97702F80-CA9C-437E-8FA0-3C5505EDF6BA}.GameDebug|Tegra-Android.ActiveCfg = GameDebug|Win32
		{97702F80-CA9C-437E-8FA0-3C5505EDF6BA}.GameDebug|Win32.ActiveCfg = GameDebug|Win32
		{97702F80-CA9C-437E-8FA0-3C5505EDF6BA}.GameDebug|Win32.Build.0 = GameDebug|Win32
		{97702F80-CA9C-437E-8FA0-3C5505EDF6BA}.GameDebugGL2|Emscripten.ActiveCfg = GameDebugGL2|Win32
		{97702F80-CA9C-437E-8FA0-3C5505EDF6BA}.GameDebugGL2|Mixed Platforms.ActiveCfg = GameDebugGL2|Win32
		{97702F80-CA9C-437E-8FA0-3C5505EDF6BA}.GameDebugGL2|Mixed Platforms.Build.0 = GameDebugGL2|Win32
		{97702F80-CA9C-437E-8FA0-3C5505EDF6BA}.GameDebugGL2|Tegra-Android.ActiveCfg = GameDebugGL2|Win32
		{97702F80-CA9C-437E-8FA0-3C5505EDF6BA}.GameDebugGL2|Win32.ActiveCfg = GameDebugGL2|Win32
		{97702F80-CA9C-437E-8FA0-3C5505EDF6BA}.GameDebugGL2|Win32.Build.0 = GameDebugGL2|Win32
		{97702F80-CA9C-437E-8FA0-3C5505EDF6BA}.GameDevelopment|Emscripten.ActiveCfg = GameDevelopment|Win32
		{97702F80-CA9C-437E-8FA0-3C5505EDF6BA}.GameDevelopment|Mixed Platforms.ActiveCfg = GameDevelopment|Win32
		{97702F80-CA9C-437E-8FA0-3C5505EDF6BA}.GameDevelopment|Mixed Platforms.Build.0 = GameDevelopment|Win32
		{97702F80-CA9C-437E-8FA0-3C5505EDF6BA}.GameDevelopment|Tegra-Android.ActiveCfg = GameDevelopment|Win32
		{97702F80-CA9C-437E-8FA0-3C5505EDF6BA}.GameDevelopment|Win32.ActiveCfg = GameDevelopment|Win32
		{97702F80-CA9C-437E-8FA0-3C5505EDF6BA}.GameDevelopment|Win32.Build.0 = GameDevelopment|Win32
		{97702F80-CA9C-437E-8FA0-3C5505EDF6BA}.GameRelease|Emscripten.ActiveCfg = GameRelease|Win32
		{97702F80-CA9C-437E-8FA0-3C5505EDF6BA}.GameRelease|Mixed Platforms.ActiveCfg = GameRelease|Win32
		{97702F80-CA9C-437E-8FA0-3C5505EDF6BA}.GameRelease|Mixed Platforms.Build.0 = GameRelease|Win32
		{97702F80-CA9C-437E-8FA0-3C5505EDF6BA}.GameRelease|Tegra-Android.ActiveCfg = GameRelease|Win32
		{97702F80-CA9C-437E-8FA0-3C5505EDF6BA}.GameRelease|Win32.ActiveCfg = GameRelease|Win32
		{97702F80-CA9C-437E-8FA0-3C5505EDF6BA}.GameRelease|Win32.Build.0 = GameRelease|Win32
		{97702F80-CA9C-437E-8FA0-3C5505EDF6BA}.ServerDebug|Emscripten.ActiveCfg = ServerDebug|Win32
		{97702F80-CA9C-437E-8FA0-3C5505EDF6BA}.ServerDebug|Mixed Platforms.ActiveCfg = ServerDebug|Win32
		{97702F80-CA9C-437E-8FA0-3C5505EDF6BA}.ServerDebug|Mixed Platforms.Build.0 = ServerDebug|Win32
		{97702F80-CA9C-437E-8FA0-3C5505EDF6BA}.ServerDebug|Tegra-Android.ActiveCfg = ServerDebug|Win32
		{97702F80-CA9C-437E-8FA0-3C5505EDF6BA}.ServerDebug|Win32.ActiveCfg = ServerDebug|Win32
		{97702F80-CA9C-437E-8FA0-3C5505EDF6BA}.ServerDebug|Win32.Build.0 = ServerDebug|Win32
	EndGlobalSection
	GlobalSection(SolutionProperties) = preSolution
		HideSolutionNode = FALSE
	EndGlobalSection
	GlobalSection(NestedProjects) = preSolution
		{A293BC4A-A59B-461C-9820-72CEB1CBFC3F} = {3A0FB136-F481-4347-8A87-470DEAA9782C}
		{655D8F75-A521-4DD1-8AE7-17630BE72881} = {B84D4A82-AD79-4A6F-BA27-919645A79562}
		{3A7B9E5E-2286-4772-A788-8D23B85F9153} = {B84D4A82-AD79-4A6F-BA27-919645A79562}
		{F24DDFE3-5073-45E6-9AC9-31F0175665B8} = {3A0FB136-F481-4347-8A87-470DEAA9782C}
		{615966E2-5B5A-4779-8CF6-42E0DA13BB01} = {B84D4A82-AD79-4A6F-BA27-919645A79562}
		{8B4C4780-0D51-4F95-991F-F5CFD7D5D7A5} = {B84D4A82-AD79-4A6F-BA27-919645A79562}
		{335C6298-FD09-477F-BE24-239C79B9ECB6} = {B84D4A82-AD79-4A6F-BA27-919645A79562}
		{1529A55F-B375-4B1D-B7D8-435509354DE1} = {3A0FB136-F481-4347-8A87-470DEAA9782C}
		{93CCB0C5-6A6C-479E-AA60-FEF53E283078} = {3A0FB136-F481-4347-8A87-470DEAA9782C}
		{97702F80-CA9C-437E-8FA0-3C5505EDF6BA} = {3A0FB136-F481-4347-8A87-470DEAA9782C}
	EndGlobalSection
EndGlobal
