<?xml version="1.0" encoding="utf-8"?>
<Project ToolsVersion="4.0" xmlns="http://schemas.microsoft.com/developer/msbuild/2003">
  <ItemGroup>
    <Filter Include="Source Files">
      <UniqueIdentifier>{4FC737F1-C7A5-4376-A066-2A32D752A2FF}</UniqueIdentifier>
      <Extensions>cpp;c;cc;cxx;def;odl;idl;hpj;bat;asm;asmx</Extensions>
    </Filter>
    <Filter Include="Source Files\Sys">
      <UniqueIdentifier>{fed83867-38d0-44f7-9ce1-50df5cb57a76}</UniqueIdentifier>
    </Filter>
  </ItemGroup>
  <ItemGroup>
    <ClCompile Include="..\..\src\standalone\precompiled.cpp">
      <Filter>Source Files</Filter>
    </ClCompile>
    <ClCompile Include="..\..\src\standalone\main.cpp">
      <Filter>Source Files</Filter>
    </ClCompile>
    <ClCompile Include="..\..\src\standalone\sys\DebugLogger.cpp">
      <Filter>Source Files\Sys</Filter>
    </ClCompile>
    <ClCompile Include="..\..\src\standalone\sys\FileLogger.cpp">
      <Filter>Source Files\Sys</Filter>
    </ClCompile>
  </ItemGroup>
  <ItemGroup>
    <ClInclude Include="..\..\src\standalone\precompiled.h">
      <Filter>Source Files</Filter>
    </ClInclude>
    <ClInclude Include="..\..\src\standalone\sys\DebugLogger.h">
      <Filter>Source Files\Sys</Filter>
    </ClInclude>
    <ClInclude Include="..\..\src\standalone\sys\FileLogger.h">
      <Filter>Source Files\Sys</Filter>
    </ClInclude>
  </ItemGroup>
</Project>