<?xml version="1.0" encoding="utf-8"?>
<Project ToolsVersion="4.0" xmlns="http://schemas.microsoft.com/developer/msbuild/2003">
  <ItemGroup>
    <Filter Include="Source Files">
      <UniqueIdentifier>{4FC737F1-C7A5-4376-A066-2A32D752A2FF}</UniqueIdentifier>
      <Extensions>cpp;c;cc;cxx;def;odl;idl;hpj;bat;asm;asmx</Extensions>
    </Filter>
    <Filter Include="Source Files\HLSL">
      <UniqueIdentifier>{93695529-ab60-46d0-9f54-7b15171c70ba}</UniqueIdentifier>
    </Filter>
  </ItemGroup>
  <ItemGroup>
    <FxCompile Include="..\..\src\shaders\hlsl\DebugDrawLinePixelShader.hlsl">
      <Filter>Source Files\HLSL</Filter>
    </FxCompile>
    <FxCompile Include="..\..\src\shaders\hlsl\DebugDrawLineVertexShader.hlsl">
      <Filter>Source Files\HLSL</Filter>
    </FxCompile>
    <FxCompile Include="..\..\src\shaders\hlsl\ShapePixelShader.hlsl">
      <Filter>Source Files\HLSL</Filter>
    </FxCompile>
    <FxCompile Include="..\..\src\shaders\hlsl\ShapeVertexShader.hlsl">
      <Filter>Source Files\HLSL</Filter>
    </FxCompile>
    <FxCompile Include="..\..\src\shaders\hlsl\TextPixelShader.hlsl">
      <Filter>Source Files\HLSL</Filter>
    </FxCompile>
    <FxCompile Include="..\..\src\shaders\hlsl\TextVertexShader.hlsl">
      <Filter>Source Files\HLSL</Filter>
    </FxCompile>
    <FxCompile Include="..\..\src\shaders\hlsl\Mesh_p.hlsl">
      <Filter>Source Files\HLSL</Filter>
    </FxCompile>
    <FxCompile Include="..\..\src\shaders\hlsl\Mesh_vv.hlsl">
      <Filter>Source Files\HLSL</Filter>
    </FxCompile>
    <FxCompile Include="..\..\src\shaders\hlsl\Sprite_p.hlsl">
      <Filter>Source Files\HLSL</Filter>
    </FxCompile>
    <FxCompile Include="..\..\src\shaders\hlsl\Sprite_vv.hlsl">
      <Filter>Source Files\HLSL</Filter>
    </FxCompile>
    <FxCompile Include="2DLight_p.hlsl">
      <Filter>Source Files\HLSL</Filter>
    </FxCompile>
    <FxCompile Include="SkyBox_vv.hlsl">
      <Filter>Source Files\HLSL</Filter>
    </FxCompile>
    <FxCompile Include="SkyBox_p.hlsl">
      <Filter>Source Files\HLSL</Filter>
    </FxCompile>
    <FxCompile Include="..\..\src\shaders\hlsl\Dummy_vv.hlsl">
      <Filter>Source Files\HLSL</Filter>
    </FxCompile>
    <FxCompile Include="..\..\src\shaders\hlsl\Dummy_p.hlsl">
      <Filter>Source Files\HLSL</Filter>
    </FxCompile>
    <FxCompile Include="..\..\src\shaders\hlsl\SpriteNoLight_p.hlsl">
      <Filter>Source Files\HLSL</Filter>
    </FxCompile>
  </ItemGroup>
</Project>