<?xml version="1.0" encoding="utf-8"?>
<Project ToolsVersion="4.0" xmlns="http://schemas.microsoft.com/developer/msbuild/2003">
  <ItemGroup>
    <Filter Include="jni">
      <UniqueIdentifier>1a71a8b5-26f5-427b-b1d2-e9c4a4febbb5</UniqueIdentifier>
    </Filter>
    <Filter Include="res">
      <UniqueIdentifier>fd8afc78-8345-465b-9e74-3881f869aae9</UniqueIdentifier>
    </Filter>
    <Filter Include="res\values">
      <UniqueIdentifier>27727a22-423b-4cf0-966b-1d6fd5e57282</UniqueIdentifier>
    </Filter>
    <Filter Include="glue">
      <UniqueIdentifier>{5436b142-cd48-4c28-b645-fd91d7865f5a}</UniqueIdentifier>
    </Filter>
  </ItemGroup>
  <ItemGroup>
    <AndroidBuild Include="AndroidManifest.xml" />
    <AndroidBuild Include="res\values\strings.xml">
      <Filter>res\values</Filter>
    </AndroidBuild>
  </ItemGroup>
  <ItemGroup>
    <ClCompile Include="jni\main.cpp">
      <Filter>jni</Filter>
    </ClCompile>
    <ClCompile Include="jni\AndroidLogger.cpp">
      <Filter>jni</Filter>
    </ClCompile>
    <ClCompile Include="native_app_glue\android_native_app_glue.c">
      <Filter>glue</Filter>
    </ClCompile>
  </ItemGroup>
  <ItemGroup>
    <ClInclude Include="jni\AndroidLogger.h">
      <Filter>jni</Filter>
    </ClInclude>
    <ClInclude Include="native_app_glue\android_native_app_glue.h">
      <Filter>glue</Filter>
    </ClInclude>
  </ItemGroup>
</Project>